// !$*UTF8*$!
{
	archiveVersion = 1;
	classes = {
	};
	objectVersion = 48;
	objects = {

/* Begin PBXBuildFile section */
		155257A7203AA38100B57DE7 /* Assets.xcassets in Resources */ = {isa = PBXBuildFile; fileRef = 15DB7CA32032AD5100A84C7E /* Assets.xcassets */; };
		1557161D20995D4200B0E7D4 /* Keys.plist in Resources */ = {isa = PBXBuildFile; fileRef = 1557161C20995D4200B0E7D4 /* Keys.plist */; };
		1557161F20995DB200B0E7D4 /* Layout-w375.plist in Resources */ = {isa = PBXBuildFile; fileRef = 1557161E20995DB200B0E7D4 /* Layout-w375.plist */; };
		156333372068A9E0004F823C /* Key.swift in Sources */ = {isa = PBXBuildFile; fileRef = 156333352068A9DC004F823C /* Key.swift */; };
		15633339206A08C8004F823C /* ArabicScript.swift in Sources */ = {isa = PBXBuildFile; fileRef = 15633338206A08C8004F823C /* ArabicScript.swift */; };
		15DB7C9D2032AD5100A84C7E /* AppDelegate.swift in Sources */ = {isa = PBXBuildFile; fileRef = 15DB7C9C2032AD5100A84C7E /* AppDelegate.swift */; };
		15DB7C9F2032AD5100A84C7E /* ViewController.swift in Sources */ = {isa = PBXBuildFile; fileRef = 15DB7C9E2032AD5100A84C7E /* ViewController.swift */; };
		15DB7CA22032AD5100A84C7E /* Main.storyboard in Resources */ = {isa = PBXBuildFile; fileRef = 15DB7CA02032AD5100A84C7E /* Main.storyboard */; };
		15DB7CA42032AD5100A84C7E /* Assets.xcassets in Resources */ = {isa = PBXBuildFile; fileRef = 15DB7CA32032AD5100A84C7E /* Assets.xcassets */; };
		15DB7CA72032AD5100A84C7E /* LaunchScreen.storyboard in Resources */ = {isa = PBXBuildFile; fileRef = 15DB7CA52032AD5100A84C7E /* LaunchScreen.storyboard */; };
		15DB7CD12032ADC500A84C7E /* KeyboardViewController.swift in Sources */ = {isa = PBXBuildFile; fileRef = 15DB7CD02032ADC500A84C7E /* KeyboardViewController.swift */; };
		15DB7CD52032ADC500A84C7E /* Matnsaz Keyboard.appex in Embed App Extensions */ = {isa = PBXBuildFile; fileRef = 15DB7CCE2032ADC500A84C7E /* Matnsaz Keyboard.appex */; settings = {ATTRIBUTES = (RemoveHeadersOnCopy, ); }; };
/* End PBXBuildFile section */

/* Begin PBXContainerItemProxy section */
		15DB7CD32032ADC500A84C7E /* PBXContainerItemProxy */ = {
			isa = PBXContainerItemProxy;
			containerPortal = 15DB7C912032AD5100A84C7E /* Project object */;
			proxyType = 1;
			remoteGlobalIDString = 15DB7CCD2032ADC500A84C7E;
			remoteInfo = "Z 0.1";
		};
/* End PBXContainerItemProxy section */

/* Begin PBXCopyFilesBuildPhase section */
		15DB7CD92032ADC500A84C7E /* Embed App Extensions */ = {
			isa = PBXCopyFilesBuildPhase;
			buildActionMask = 2147483647;
			dstPath = "";
			dstSubfolderSpec = 13;
			files = (
				15DB7CD52032ADC500A84C7E /* Matnsaz Keyboard.appex in Embed App Extensions */,
			);
			name = "Embed App Extensions";
			runOnlyForDeploymentPostprocessing = 0;
		};
/* End PBXCopyFilesBuildPhase section */

/* Begin PBXFileReference section */
		155257A5203AA26C00B57DE7 /* Matnsaz.entitlements */ = {isa = PBXFileReference; lastKnownFileType = text.plist.entitlements; path = Matnsaz.entitlements; sourceTree = "<group>"; };
		1557161C20995D4200B0E7D4 /* Keys.plist */ = {isa = PBXFileReference; lastKnownFileType = text.plist.xml; path = Keys.plist; sourceTree = "<group>"; };
		1557161E20995DB200B0E7D4 /* Layout-w375.plist */ = {isa = PBXFileReference; lastKnownFileType = text.plist.xml; path = "Layout-w375.plist"; sourceTree = "<group>"; };
		156333352068A9DC004F823C /* Key.swift */ = {isa = PBXFileReference; lastKnownFileType = sourcecode.swift; path = Key.swift; sourceTree = "<group>"; };
		15633338206A08C8004F823C /* ArabicScript.swift */ = {isa = PBXFileReference; lastKnownFileType = sourcecode.swift; path = ArabicScript.swift; sourceTree = "<group>"; };
		15DB7C992032AD5100A84C7E /* Matnsaz.app */ = {isa = PBXFileReference; explicitFileType = wrapper.application; includeInIndex = 0; path = Matnsaz.app; sourceTree = BUILT_PRODUCTS_DIR; };
		15DB7C9C2032AD5100A84C7E /* AppDelegate.swift */ = {isa = PBXFileReference; lastKnownFileType = sourcecode.swift; path = AppDelegate.swift; sourceTree = "<group>"; };
		15DB7C9E2032AD5100A84C7E /* ViewController.swift */ = {isa = PBXFileReference; lastKnownFileType = sourcecode.swift; path = ViewController.swift; sourceTree = "<group>"; };
		15DB7CA12032AD5100A84C7E /* Base */ = {isa = PBXFileReference; lastKnownFileType = file.storyboard; name = Base; path = Base.lproj/Main.storyboard; sourceTree = "<group>"; };
		15DB7CA32032AD5100A84C7E /* Assets.xcassets */ = {isa = PBXFileReference; lastKnownFileType = folder.assetcatalog; path = Assets.xcassets; sourceTree = "<group>"; };
		15DB7CA62032AD5100A84C7E /* Base */ = {isa = PBXFileReference; lastKnownFileType = file.storyboard; name = Base; path = Base.lproj/LaunchScreen.storyboard; sourceTree = "<group>"; };
		15DB7CA82032AD5100A84C7E /* Info.plist */ = {isa = PBXFileReference; lastKnownFileType = text.plist.xml; path = Info.plist; sourceTree = "<group>"; };
		15DB7CCE2032ADC500A84C7E /* Matnsaz Keyboard.appex */ = {isa = PBXFileReference; explicitFileType = "wrapper.app-extension"; includeInIndex = 0; path = "Matnsaz Keyboard.appex"; sourceTree = BUILT_PRODUCTS_DIR; };
		15DB7CD02032ADC500A84C7E /* KeyboardViewController.swift */ = {isa = PBXFileReference; lastKnownFileType = sourcecode.swift; path = KeyboardViewController.swift; sourceTree = "<group>"; };
		15DB7CD22032ADC500A84C7E /* Info.plist */ = {isa = PBXFileReference; lastKnownFileType = text.plist.xml; path = Info.plist; sourceTree = "<group>"; };
/* End PBXFileReference section */

/* Begin PBXFrameworksBuildPhase section */
		15DB7C962032AD5100A84C7E /* Frameworks */ = {
			isa = PBXFrameworksBuildPhase;
			buildActionMask = 2147483647;
			files = (
			);
			runOnlyForDeploymentPostprocessing = 0;
		};
		15DB7CCB2032ADC500A84C7E /* Frameworks */ = {
			isa = PBXFrameworksBuildPhase;
			buildActionMask = 2147483647;
			files = (
			);
			runOnlyForDeploymentPostprocessing = 0;
		};
/* End PBXFrameworksBuildPhase section */

/* Begin PBXGroup section */
		154F907E209825420068445F /* Layouts */ = {
			isa = PBXGroup;
			children = (
				1557161B20995D2500B0E7D4 /* Alphabetical */,
			);
			path = Layouts;
			sourceTree = "<group>";
		};
		1557161B20995D2500B0E7D4 /* Alphabetical */ = {
			isa = PBXGroup;
			children = (
				1557161C20995D4200B0E7D4 /* Keys.plist */,
				1557161E20995DB200B0E7D4 /* Layout-w375.plist */,
			);
			path = Alphabetical;
			sourceTree = "<group>";
		};
		15DB7C902032AD5100A84C7E = {
			isa = PBXGroup;
			children = (
				15DB7C9B2032AD5100A84C7E /* Matnsaz */,
				15DB7CCF2032ADC500A84C7E /* Matnsaz Keyboard */,
				15DB7C9A2032AD5100A84C7E /* Products */,
			);
			sourceTree = "<group>";
		};
		15DB7C9A2032AD5100A84C7E /* Products */ = {
			isa = PBXGroup;
			children = (
				15DB7C992032AD5100A84C7E /* Matnsaz.app */,
				15DB7CCE2032ADC500A84C7E /* Matnsaz Keyboard.appex */,
			);
			name = Products;
			sourceTree = "<group>";
		};
		15DB7C9B2032AD5100A84C7E /* Matnsaz */ = {
			isa = PBXGroup;
			children = (
				155257A5203AA26C00B57DE7 /* Matnsaz.entitlements */,
				15DB7C9C2032AD5100A84C7E /* AppDelegate.swift */,
				15DB7C9E2032AD5100A84C7E /* ViewController.swift */,
				15DB7CA02032AD5100A84C7E /* Main.storyboard */,
				15DB7CA32032AD5100A84C7E /* Assets.xcassets */,
				15DB7CA52032AD5100A84C7E /* LaunchScreen.storyboard */,
				15DB7CA82032AD5100A84C7E /* Info.plist */,
			);
			path = Matnsaz;
			sourceTree = "<group>";
		};
		15DB7CCF2032ADC500A84C7E /* Matnsaz Keyboard */ = {
			isa = PBXGroup;
			children = (
				154F907E209825420068445F /* Layouts */,
				15DB7CD02032ADC500A84C7E /* KeyboardViewController.swift */,
				156333352068A9DC004F823C /* Key.swift */,
				15DB7CD22032ADC500A84C7E /* Info.plist */,
				15633338206A08C8004F823C /* ArabicScript.swift */,
			);
			path = "Matnsaz Keyboard";
			sourceTree = "<group>";
		};
/* End PBXGroup section */

/* Begin PBXNativeTarget section */
		15DB7C982032AD5100A84C7E /* Matnsaz */ = {
			isa = PBXNativeTarget;
			buildConfigurationList = 15DB7CC12032AD5100A84C7E /* Build configuration list for PBXNativeTarget "Matnsaz" */;
			buildPhases = (
				15DB7C952032AD5100A84C7E /* Sources */,
				15DB7C962032AD5100A84C7E /* Frameworks */,
				15DB7C972032AD5100A84C7E /* Resources */,
				15DB7CD92032ADC500A84C7E /* Embed App Extensions */,
			);
			buildRules = (
			);
			dependencies = (
				15DB7CD42032ADC500A84C7E /* PBXTargetDependency */,
			);
			name = Matnsaz;
			productName = UrduKeyboard;
			productReference = 15DB7C992032AD5100A84C7E /* Matnsaz.app */;
			productType = "com.apple.product-type.application";
		};
		15DB7CCD2032ADC500A84C7E /* Matnsaz Keyboard */ = {
			isa = PBXNativeTarget;
			buildConfigurationList = 15DB7CD62032ADC500A84C7E /* Build configuration list for PBXNativeTarget "Matnsaz Keyboard" */;
			buildPhases = (
				15DB7CCA2032ADC500A84C7E /* Sources */,
				15DB7CCB2032ADC500A84C7E /* Frameworks */,
				15DB7CCC2032ADC500A84C7E /* Resources */,
			);
			buildRules = (
			);
			dependencies = (
			);
			name = "Matnsaz Keyboard";
			productName = "Z 0.1";
			productReference = 15DB7CCE2032ADC500A84C7E /* Matnsaz Keyboard.appex */;
			productType = "com.apple.product-type.app-extension";
		};
/* End PBXNativeTarget section */

/* Begin PBXProject section */
		15DB7C912032AD5100A84C7E /* Project object */ = {
			isa = PBXProject;
			attributes = {
				LastSwiftUpdateCheck = 0920;
				LastUpgradeCheck = 0930;
				ORGANIZATIONNAME = "Zeerak Ahmed";
				TargetAttributes = {
					15DB7C982032AD5100A84C7E = {
						CreatedOnToolsVersion = 9.2;
						ProvisioningStyle = Automatic;
						SystemCapabilities = {
							com.apple.ApplicationGroups.iOS = {
								enabled = 0;
							};
						};
					};
					15DB7CCD2032ADC500A84C7E = {
						CreatedOnToolsVersion = 9.2;
						ProvisioningStyle = Automatic;
					};
				};
			};
			buildConfigurationList = 15DB7C942032AD5100A84C7E /* Build configuration list for PBXProject "Matnsaz" */;
			compatibilityVersion = "Xcode 8.0";
			developmentRegion = en;
			hasScannedForEncodings = 0;
			knownRegions = (
				en,
				Base,
			);
			mainGroup = 15DB7C902032AD5100A84C7E;
			productRefGroup = 15DB7C9A2032AD5100A84C7E /* Products */;
			projectDirPath = "";
			projectRoot = "";
			targets = (
				15DB7C982032AD5100A84C7E /* Matnsaz */,
				15DB7CCD2032ADC500A84C7E /* Matnsaz Keyboard */,
			);
		};
/* End PBXProject section */

/* Begin PBXResourcesBuildPhase section */
		15DB7C972032AD5100A84C7E /* Resources */ = {
			isa = PBXResourcesBuildPhase;
			buildActionMask = 2147483647;
			files = (
				15DB7CA72032AD5100A84C7E /* LaunchScreen.storyboard in Resources */,
				15DB7CA42032AD5100A84C7E /* Assets.xcassets in Resources */,
				15DB7CA22032AD5100A84C7E /* Main.storyboard in Resources */,
			);
			runOnlyForDeploymentPostprocessing = 0;
		};
		15DB7CCC2032ADC500A84C7E /* Resources */ = {
			isa = PBXResourcesBuildPhase;
			buildActionMask = 2147483647;
			files = (
				1557161F20995DB200B0E7D4 /* Layout-w375.plist in Resources */,
				1557161D20995D4200B0E7D4 /* Keys.plist in Resources */,
				155257A7203AA38100B57DE7 /* Assets.xcassets in Resources */,
			);
			runOnlyForDeploymentPostprocessing = 0;
		};
/* End PBXResourcesBuildPhase section */

/* Begin PBXSourcesBuildPhase section */
		15DB7C952032AD5100A84C7E /* Sources */ = {
			isa = PBXSourcesBuildPhase;
			buildActionMask = 2147483647;
			files = (
				15DB7C9F2032AD5100A84C7E /* ViewController.swift in Sources */,
				15DB7C9D2032AD5100A84C7E /* AppDelegate.swift in Sources */,
			);
			runOnlyForDeploymentPostprocessing = 0;
		};
		15DB7CCA2032ADC500A84C7E /* Sources */ = {
			isa = PBXSourcesBuildPhase;
			buildActionMask = 2147483647;
			files = (
				15DB7CD12032ADC500A84C7E /* KeyboardViewController.swift in Sources */,
				15633339206A08C8004F823C /* ArabicScript.swift in Sources */,
				156333372068A9E0004F823C /* Key.swift in Sources */,
			);
			runOnlyForDeploymentPostprocessing = 0;
		};
/* End PBXSourcesBuildPhase section */

/* Begin PBXTargetDependency section */
		15DB7CD42032ADC500A84C7E /* PBXTargetDependency */ = {
			isa = PBXTargetDependency;
			target = 15DB7CCD2032ADC500A84C7E /* Matnsaz Keyboard */;
			targetProxy = 15DB7CD32032ADC500A84C7E /* PBXContainerItemProxy */;
		};
/* End PBXTargetDependency section */

/* Begin PBXVariantGroup section */
		15DB7CA02032AD5100A84C7E /* Main.storyboard */ = {
			isa = PBXVariantGroup;
			children = (
				15DB7CA12032AD5100A84C7E /* Base */,
			);
			name = Main.storyboard;
			sourceTree = "<group>";
		};
		15DB7CA52032AD5100A84C7E /* LaunchScreen.storyboard */ = {
			isa = PBXVariantGroup;
			children = (
				15DB7CA62032AD5100A84C7E /* Base */,
			);
			name = LaunchScreen.storyboard;
			sourceTree = "<group>";
		};
/* End PBXVariantGroup section */

/* Begin XCBuildConfiguration section */
		15DB7CBF2032AD5100A84C7E /* Debug */ = {
			isa = XCBuildConfiguration;
			buildSettings = {
				ALWAYS_SEARCH_USER_PATHS = NO;
				CLANG_ANALYZER_NONNULL = YES;
				CLANG_ANALYZER_NUMBER_OBJECT_CONVERSION = YES_AGGRESSIVE;
				CLANG_CXX_LANGUAGE_STANDARD = "gnu++14";
				CLANG_CXX_LIBRARY = "libc++";
				CLANG_ENABLE_MODULES = YES;
				CLANG_ENABLE_OBJC_ARC = YES;
				CLANG_WARN_BLOCK_CAPTURE_AUTORELEASING = YES;
				CLANG_WARN_BOOL_CONVERSION = YES;
				CLANG_WARN_COMMA = YES;
				CLANG_WARN_CONSTANT_CONVERSION = YES;
				CLANG_WARN_DEPRECATED_OBJC_IMPLEMENTATIONS = YES;
				CLANG_WARN_DIRECT_OBJC_ISA_USAGE = YES_ERROR;
				CLANG_WARN_DOCUMENTATION_COMMENTS = YES;
				CLANG_WARN_EMPTY_BODY = YES;
				CLANG_WARN_ENUM_CONVERSION = YES;
				CLANG_WARN_INFINITE_RECURSION = YES;
				CLANG_WARN_INT_CONVERSION = YES;
				CLANG_WARN_NON_LITERAL_NULL_CONVERSION = YES;
				CLANG_WARN_OBJC_IMPLICIT_RETAIN_SELF = YES;
				CLANG_WARN_OBJC_LITERAL_CONVERSION = YES;
				CLANG_WARN_OBJC_ROOT_CLASS = YES_ERROR;
				CLANG_WARN_RANGE_LOOP_ANALYSIS = YES;
				CLANG_WARN_STRICT_PROTOTYPES = YES;
				CLANG_WARN_SUSPICIOUS_MOVE = YES;
				CLANG_WARN_UNGUARDED_AVAILABILITY = YES_AGGRESSIVE;
				CLANG_WARN_UNREACHABLE_CODE = YES;
				CLANG_WARN__DUPLICATE_METHOD_MATCH = YES;
				CODE_SIGN_IDENTITY = "iPhone Developer";
				COPY_PHASE_STRIP = NO;
				DEBUG_INFORMATION_FORMAT = dwarf;
				ENABLE_STRICT_OBJC_MSGSEND = YES;
				ENABLE_TESTABILITY = YES;
				GCC_C_LANGUAGE_STANDARD = gnu11;
				GCC_DYNAMIC_NO_PIC = NO;
				GCC_NO_COMMON_BLOCKS = YES;
				GCC_OPTIMIZATION_LEVEL = 0;
				GCC_PREPROCESSOR_DEFINITIONS = (
					"DEBUG=1",
					"$(inherited)",
				);
				GCC_WARN_64_TO_32_BIT_CONVERSION = YES;
				GCC_WARN_ABOUT_RETURN_TYPE = YES_ERROR;
				GCC_WARN_UNDECLARED_SELECTOR = YES;
				GCC_WARN_UNINITIALIZED_AUTOS = YES_AGGRESSIVE;
				GCC_WARN_UNUSED_FUNCTION = YES;
				GCC_WARN_UNUSED_VARIABLE = YES;
				IPHONEOS_DEPLOYMENT_TARGET = 11.2;
				MTL_ENABLE_DEBUG_INFO = YES;
				ONLY_ACTIVE_ARCH = YES;
				SDKROOT = iphoneos;
				SWIFT_ACTIVE_COMPILATION_CONDITIONS = DEBUG;
				SWIFT_OPTIMIZATION_LEVEL = "-Onone";
			};
			name = Debug;
		};
		15DB7CC02032AD5100A84C7E /* Release */ = {
			isa = XCBuildConfiguration;
			buildSettings = {
				ALWAYS_SEARCH_USER_PATHS = NO;
				CLANG_ANALYZER_NONNULL = YES;
				CLANG_ANALYZER_NUMBER_OBJECT_CONVERSION = YES_AGGRESSIVE;
				CLANG_CXX_LANGUAGE_STANDARD = "gnu++14";
				CLANG_CXX_LIBRARY = "libc++";
				CLANG_ENABLE_MODULES = YES;
				CLANG_ENABLE_OBJC_ARC = YES;
				CLANG_WARN_BLOCK_CAPTURE_AUTORELEASING = YES;
				CLANG_WARN_BOOL_CONVERSION = YES;
				CLANG_WARN_COMMA = YES;
				CLANG_WARN_CONSTANT_CONVERSION = YES;
				CLANG_WARN_DEPRECATED_OBJC_IMPLEMENTATIONS = YES;
				CLANG_WARN_DIRECT_OBJC_ISA_USAGE = YES_ERROR;
				CLANG_WARN_DOCUMENTATION_COMMENTS = YES;
				CLANG_WARN_EMPTY_BODY = YES;
				CLANG_WARN_ENUM_CONVERSION = YES;
				CLANG_WARN_INFINITE_RECURSION = YES;
				CLANG_WARN_INT_CONVERSION = YES;
				CLANG_WARN_NON_LITERAL_NULL_CONVERSION = YES;
				CLANG_WARN_OBJC_IMPLICIT_RETAIN_SELF = YES;
				CLANG_WARN_OBJC_LITERAL_CONVERSION = YES;
				CLANG_WARN_OBJC_ROOT_CLASS = YES_ERROR;
				CLANG_WARN_RANGE_LOOP_ANALYSIS = YES;
				CLANG_WARN_STRICT_PROTOTYPES = YES;
				CLANG_WARN_SUSPICIOUS_MOVE = YES;
				CLANG_WARN_UNGUARDED_AVAILABILITY = YES_AGGRESSIVE;
				CLANG_WARN_UNREACHABLE_CODE = YES;
				CLANG_WARN__DUPLICATE_METHOD_MATCH = YES;
				CODE_SIGN_IDENTITY = "iPhone Developer";
				COPY_PHASE_STRIP = NO;
				DEBUG_INFORMATION_FORMAT = "dwarf-with-dsym";
				ENABLE_NS_ASSERTIONS = NO;
				ENABLE_STRICT_OBJC_MSGSEND = YES;
				GCC_C_LANGUAGE_STANDARD = gnu11;
				GCC_NO_COMMON_BLOCKS = YES;
				GCC_WARN_64_TO_32_BIT_CONVERSION = YES;
				GCC_WARN_ABOUT_RETURN_TYPE = YES_ERROR;
				GCC_WARN_UNDECLARED_SELECTOR = YES;
				GCC_WARN_UNINITIALIZED_AUTOS = YES_AGGRESSIVE;
				GCC_WARN_UNUSED_FUNCTION = YES;
				GCC_WARN_UNUSED_VARIABLE = YES;
				IPHONEOS_DEPLOYMENT_TARGET = 11.2;
				MTL_ENABLE_DEBUG_INFO = NO;
				SDKROOT = iphoneos;
				SWIFT_OPTIMIZATION_LEVEL = "-Owholemodule";
				VALIDATE_PRODUCT = YES;
			};
			name = Release;
		};
		15DB7CC22032AD5100A84C7E /* Debug */ = {
			isa = XCBuildConfiguration;
			buildSettings = {
				ALWAYS_EMBED_SWIFT_STANDARD_LIBRARIES = YES;
				ASSETCATALOG_COMPILER_APPICON_NAME = AppIcon;
				CODE_SIGN_STYLE = Automatic;
				DEVELOPMENT_TEAM = NMWM6M9GTL;
				INFOPLIST_FILE = "$(SRCROOT)/Matnsaz/Info.plist";
				LD_RUNPATH_SEARCH_PATHS = "$(inherited) @executable_path/Frameworks";
				PRODUCT_BUNDLE_IDENTIFIER = Matnsaz;
				PRODUCT_NAME = "$(TARGET_NAME)";
				SWIFT_VERSION = 4.0;
				TARGETED_DEVICE_FAMILY = "1,2";
			};
			name = Debug;
		};
		15DB7CC32032AD5100A84C7E /* Release */ = {
			isa = XCBuildConfiguration;
			buildSettings = {
				ALWAYS_EMBED_SWIFT_STANDARD_LIBRARIES = YES;
				ASSETCATALOG_COMPILER_APPICON_NAME = AppIcon;
				CODE_SIGN_STYLE = Automatic;
				DEVELOPMENT_TEAM = NMWM6M9GTL;
				INFOPLIST_FILE = "$(SRCROOT)/Matnsaz/Info.plist";
				LD_RUNPATH_SEARCH_PATHS = "$(inherited) @executable_path/Frameworks";
				PRODUCT_BUNDLE_IDENTIFIER = Matnsaz;
				PRODUCT_NAME = "$(TARGET_NAME)";
				SWIFT_VERSION = 4.0;
				TARGETED_DEVICE_FAMILY = "1,2";
			};
			name = Release;
		};
		15DB7CD72032ADC500A84C7E /* Debug */ = {
			isa = XCBuildConfiguration;
			buildSettings = {
				CODE_SIGN_STYLE = Automatic;
				DEVELOPMENT_TEAM = NMWM6M9GTL;
				INFOPLIST_FILE = "$(SRCROOT)/Matnsaz Keyboard/Info.plist";
				LD_RUNPATH_SEARCH_PATHS = "$(inherited) @executable_path/Frameworks @executable_path/../../Frameworks";
				PRODUCT_BUNDLE_IDENTIFIER = Matnsaz.Keyboard;
				PRODUCT_NAME = "$(TARGET_NAME)";
				SKIP_INSTALL = YES;
				SWIFT_VERSION = 4.0;
				TARGETED_DEVICE_FAMILY = "1,2";
			};
			name = Debug;
		};
		15DB7CD82032ADC500A84C7E /* Release */ = {
			isa = XCBuildConfiguration;
			buildSettings = {
				CODE_SIGN_STYLE = Automatic;
				DEVELOPMENT_TEAM = NMWM6M9GTL;
				INFOPLIST_FILE = "$(SRCROOT)/Matnsaz Keyboard/Info.plist";
				LD_RUNPATH_SEARCH_PATHS = "$(inherited) @executable_path/Frameworks @executable_path/../../Frameworks";
				PRODUCT_BUNDLE_IDENTIFIER = Matnsaz.Keyboard;
				PRODUCT_NAME = "$(TARGET_NAME)";
				SKIP_INSTALL = YES;
				SWIFT_VERSION = 4.0;
				TARGETED_DEVICE_FAMILY = "1,2";
			};
			name = Release;
		};
/* End XCBuildConfiguration section */

/* Begin XCConfigurationList section */
		15DB7C942032AD5100A84C7E /* Build configuration list for PBXProject "Matnsaz" */ = {
			isa = XCConfigurationList;
			buildConfigurations = (
				15DB7CBF2032AD5100A84C7E /* Debug */,
				15DB7CC02032AD5100A84C7E /* Release */,
			);
			defaultConfigurationIsVisible = 0;
			defaultConfigurationName = Release;
		};
		15DB7CC12032AD5100A84C7E /* Build configuration list for PBXNativeTarget "Matnsaz" */ = {
			isa = XCConfigurationList;
			buildConfigurations = (
				15DB7CC22032AD5100A84C7E /* Debug */,
				15DB7CC32032AD5100A84C7E /* Release */,
			);
			defaultConfigurationIsVisible = 0;
			defaultConfigurationName = Release;
		};
		15DB7CD62032ADC500A84C7E /* Build configuration list for PBXNativeTarget "Matnsaz Keyboard" */ = {
			isa = XCConfigurationList;
			buildConfigurations = (
				15DB7CD72032ADC500A84C7E /* Debug */,
				15DB7CD82032ADC500A84C7E /* Release */,
			);
			defaultConfigurationIsVisible = 0;
			defaultConfigurationName = Release;
		};
/* End XCConfigurationList section */
	};
	rootObject = 15DB7C912032AD5100A84C7E /* Project object */;
}
