// !$*UTF8*$!
{
	archiveVersion = 1;
	classes = {
	};
	objectVersion = 48;
	objects = {

/* Begin PBXBuildFile section */
		155257A7203AA38100B57DE7 /* Assets.xcassets in Resources */ = {isa = PBXBuildFile; fileRef = 15DB7CA32032AD5100A84C7E /* Assets.xcassets */; };
		1557161D20995D4200B0E7D4 /* Alphabetical-keys.plist in Resources */ = {isa = PBXBuildFile; fileRef = 1557161C20995D4200B0E7D4 /* Alphabetical-keys.plist */; };
		1557161F20995DB200B0E7D4 /* Alphabetical-standard-phone-portrait-layout-primary.plist in Resources */ = {isa = PBXBuildFile; fileRef = 1557161E20995DB200B0E7D4 /* Alphabetical-standard-phone-portrait-layout-primary.plist */; };
		156333372068A9E0004F823C /* Key.swift in Sources */ = {isa = PBXBuildFile; fileRef = 156333352068A9DC004F823C /* Key.swift */; };
		15633339206A08C8004F823C /* ArabicScript.swift in Sources */ = {isa = PBXBuildFile; fileRef = 15633338206A08C8004F823C /* ArabicScript.swift */; };
		15AFD3FC209BFBD100184F36 /* Alphabetical-standard-phone-portrait-meta.plist in Resources */ = {isa = PBXBuildFile; fileRef = 15AFD3FB209BFBD100184F36 /* Alphabetical-standard-phone-portrait-meta.plist */; };
		15AFD3FE209C008300184F36 /* Alphabetical-standard-phone-landscape-meta.plist in Resources */ = {isa = PBXBuildFile; fileRef = 15AFD3FD209C008300184F36 /* Alphabetical-standard-phone-landscape-meta.plist */; };
		15AFD400209C00B100184F36 /* Alphabetical-standard-phone-landscape-layout-primary.plist in Resources */ = {isa = PBXBuildFile; fileRef = 15AFD3FF209C00B100184F36 /* Alphabetical-standard-phone-landscape-layout-primary.plist */; };
		15AFD403209C09B100184F36 /* Alphabetical-small-phone-portrait-meta.plist in Resources */ = {isa = PBXBuildFile; fileRef = 15AFD402209C09B100184F36 /* Alphabetical-small-phone-portrait-meta.plist */; };
		15AFD405209C09E400184F36 /* Alphabetical-small-phone-portrait-layout-primary.plist in Resources */ = {isa = PBXBuildFile; fileRef = 15AFD404209C09E400184F36 /* Alphabetical-small-phone-portrait-layout-primary.plist */; };
		15AFD409209C0E5F00184F36 /* Alphabetical-small-phone-landscape-meta.plist in Resources */ = {isa = PBXBuildFile; fileRef = 15AFD408209C0E5F00184F36 /* Alphabetical-small-phone-landscape-meta.plist */; };
		15AFD40F209C0F1E00184F36 /* Alphabetical-small-phone-landscape-layout-primary.plist in Resources */ = {isa = PBXBuildFile; fileRef = 15AFD40E209C0F1E00184F36 /* Alphabetical-small-phone-landscape-layout-primary.plist */; };
		15AFD411209C138E00184F36 /* Alphabetical-plus-phone-portrait-meta.plist in Resources */ = {isa = PBXBuildFile; fileRef = 15AFD410209C138E00184F36 /* Alphabetical-plus-phone-portrait-meta.plist */; };
		15AFD413209C139800184F36 /* Alphabetical-plus-phone-portrait-layout-primary.plist in Resources */ = {isa = PBXBuildFile; fileRef = 15AFD412209C139800184F36 /* Alphabetical-plus-phone-portrait-layout-primary.plist */; };
		15AFD415209C180D00184F36 /* Alphabetical-plus-phone-landscape-meta.plist in Resources */ = {isa = PBXBuildFile; fileRef = 15AFD414209C180D00184F36 /* Alphabetical-plus-phone-landscape-meta.plist */; };
		15AFD417209C181E00184F36 /* Alphabetical-plus-phone-landscape-layout-primary.plist in Resources */ = {isa = PBXBuildFile; fileRef = 15AFD416209C181E00184F36 /* Alphabetical-plus-phone-landscape-layout-primary.plist */; };
		15AFD419209C1C9E00184F36 /* Alphabetical-X-phone-portrait-meta.plist in Resources */ = {isa = PBXBuildFile; fileRef = 15AFD418209C1C9E00184F36 /* Alphabetical-X-phone-portrait-meta.plist */; };
		15AFD41B209C1D0300184F36 /* Alphabetical-X-phone-portrait-layout-primary.plist in Resources */ = {isa = PBXBuildFile; fileRef = 15AFD41A209C1D0300184F36 /* Alphabetical-X-phone-portrait-layout-primary.plist */; };
		15AFD41D209C1EEA00184F36 /* Alphabetical-X-phone-landscape-meta.plist in Resources */ = {isa = PBXBuildFile; fileRef = 15AFD41C209C1EEA00184F36 /* Alphabetical-X-phone-landscape-meta.plist */; };
		15AFD41F209C1F0800184F36 /* Alphabetical-X-phone-landscape-layout-primary.plist in Resources */ = {isa = PBXBuildFile; fileRef = 15AFD41E209C1F0800184F36 /* Alphabetical-X-phone-landscape-layout-primary.plist */; };
		15AFD421209C3C3100184F36 /* Alphabetical-standard-tablet-portrait-meta.plist in Resources */ = {isa = PBXBuildFile; fileRef = 15AFD420209C3C3100184F36 /* Alphabetical-standard-tablet-portrait-meta.plist */; };
		15AFD423209C3C4600184F36 /* Alphabetical-standard-tablet-portrait-layout-primary.plist in Resources */ = {isa = PBXBuildFile; fileRef = 15AFD422209C3C4600184F36 /* Alphabetical-standard-tablet-portrait-layout-primary.plist */; };
		15C327BB209C4572008EC82C /* Alphabetical-standard-tablet-landscape-meta.plist in Resources */ = {isa = PBXBuildFile; fileRef = 15C327BA209C4572008EC82C /* Alphabetical-standard-tablet-landscape-meta.plist */; };
		15C327BD209C4588008EC82C /* Alphabetical-standard-tablet-landscape-layout-primary.plist in Resources */ = {isa = PBXBuildFile; fileRef = 15C327BC209C4588008EC82C /* Alphabetical-standard-tablet-landscape-layout-primary.plist */; };
		15C327BF209C47D6008EC82C /* Alphabetical-large-tablet-portrait-meta.plist in Resources */ = {isa = PBXBuildFile; fileRef = 15C327BE209C47D6008EC82C /* Alphabetical-large-tablet-portrait-meta.plist */; };
		15C327C1209C47E1008EC82C /* Alphabetical-large-tablet-portrait-layout-primary.plist in Resources */ = {isa = PBXBuildFile; fileRef = 15C327C0209C47E1008EC82C /* Alphabetical-large-tablet-portrait-layout-primary.plist */; };
		15C327C3209C4800008EC82C /* Alphabetical-medium-tablet-landscape-meta.plist in Resources */ = {isa = PBXBuildFile; fileRef = 15C327C2209C4800008EC82C /* Alphabetical-medium-tablet-landscape-meta.plist */; };
		15C327C5209C4807008EC82C /* Alphabetical-medium-tablet-landscape-layout-primary.plist in Resources */ = {isa = PBXBuildFile; fileRef = 15C327C4209C4807008EC82C /* Alphabetical-medium-tablet-landscape-layout-primary.plist */; };
		15C327C7209C492C008EC82C /* Alphabetical-medium-tablet-portrait-meta.plist in Resources */ = {isa = PBXBuildFile; fileRef = 15C327C6209C492C008EC82C /* Alphabetical-medium-tablet-portrait-meta.plist */; };
		15C327CE209C4BDD008EC82C /* Alphabetical-medium-tablet-portrait-layout-primary.plist in Resources */ = {isa = PBXBuildFile; fileRef = 15C327CD209C4BDC008EC82C /* Alphabetical-medium-tablet-portrait-layout-primary.plist */; };
		15C327D0209C4CC4008EC82C /* Alphabetical-large-tablet-landscape-meta.plist in Resources */ = {isa = PBXBuildFile; fileRef = 15C327CF209C4CC4008EC82C /* Alphabetical-large-tablet-landscape-meta.plist */; };
		15C327D2209C4CCC008EC82C /* Alphabetical-large-tablet-landscape-layout-primary.plist in Resources */ = {isa = PBXBuildFile; fileRef = 15C327D1209C4CCC008EC82C /* Alphabetical-large-tablet-landscape-layout-primary.plist */; };
		15C327D4209C5486008EC82C /* App Icons in Resources */ = {isa = PBXBuildFile; fileRef = 15C327D3209C5486008EC82C /* App Icons */; };
		15DB7C9D2032AD5100A84C7E /* AppDelegate.swift in Sources */ = {isa = PBXBuildFile; fileRef = 15DB7C9C2032AD5100A84C7E /* AppDelegate.swift */; };
		15DB7C9F2032AD5100A84C7E /* ViewController.swift in Sources */ = {isa = PBXBuildFile; fileRef = 15DB7C9E2032AD5100A84C7E /* ViewController.swift */; };
		15DB7CA22032AD5100A84C7E /* Main.storyboard in Resources */ = {isa = PBXBuildFile; fileRef = 15DB7CA02032AD5100A84C7E /* Main.storyboard */; };
		15DB7CA42032AD5100A84C7E /* Assets.xcassets in Resources */ = {isa = PBXBuildFile; fileRef = 15DB7CA32032AD5100A84C7E /* Assets.xcassets */; };
		15DB7CA72032AD5100A84C7E /* LaunchScreen.storyboard in Resources */ = {isa = PBXBuildFile; fileRef = 15DB7CA52032AD5100A84C7E /* LaunchScreen.storyboard */; };
		15DB7CD12032ADC500A84C7E /* KeyboardViewController.swift in Sources */ = {isa = PBXBuildFile; fileRef = 15DB7CD02032ADC500A84C7E /* KeyboardViewController.swift */; };
		15DB7CD52032ADC500A84C7E /* Matnsaz Keyboard.appex in Embed App Extensions */ = {isa = PBXBuildFile; fileRef = 15DB7CCE2032ADC500A84C7E /* Matnsaz Keyboard.appex */; settings = {ATTRIBUTES = (RemoveHeadersOnCopy, ); }; };
		15DE59B62112551500FAA134 /* DismissKeyboard-Dark.png in Resources */ = {isa = PBXBuildFile; fileRef = 15DE59AE2112551500FAA134 /* DismissKeyboard-Dark.png */; };
		15DE59B72112551500FAA134 /* KeyboardSelection-Light.png in Resources */ = {isa = PBXBuildFile; fileRef = 15DE59AF2112551500FAA134 /* KeyboardSelection-Light.png */; };
		15DE59B82112551500FAA134 /* KeyboardSelection-Dark.png in Resources */ = {isa = PBXBuildFile; fileRef = 15DE59B02112551500FAA134 /* KeyboardSelection-Dark.png */; };
		15DE59B92112551500FAA134 /* DismissKeyboard-Light.png in Resources */ = {isa = PBXBuildFile; fileRef = 15DE59B12112551500FAA134 /* DismissKeyboard-Light.png */; };
		15DE59BA2112551500FAA134 /* Backspace-Dark.png in Resources */ = {isa = PBXBuildFile; fileRef = 15DE59B22112551500FAA134 /* Backspace-Dark.png */; };
		15DE59BB2112551500FAA134 /* Return-Dark.png in Resources */ = {isa = PBXBuildFile; fileRef = 15DE59B32112551500FAA134 /* Return-Dark.png */; };
		15DE59BC2112551500FAA134 /* Return-Light.png in Resources */ = {isa = PBXBuildFile; fileRef = 15DE59B42112551500FAA134 /* Return-Light.png */; };
		15DE59BD2112551500FAA134 /* Backspace-Light.png in Resources */ = {isa = PBXBuildFile; fileRef = 15DE59B52112551500FAA134 /* Backspace-Light.png */; };
		15FCBAC321152B31006C9C85 /* Settings-Light.png in Resources */ = {isa = PBXBuildFile; fileRef = 15FCBAC121152B31006C9C85 /* Settings-Light.png */; };
		15FCBAC421152B31006C9C85 /* Settings-Dark.png in Resources */ = {isa = PBXBuildFile; fileRef = 15FCBAC221152B31006C9C85 /* Settings-Dark.png */; };
		15FCBAC821157D72006C9C85 /* SettingsViewController.swift in Sources */ = {isa = PBXBuildFile; fileRef = 15FCBAC721157D72006C9C85 /* SettingsViewController.swift */; };
		15FCBBA9211662D7006C9C85 /* MappingToQWERTY-X-phone-portrait-layout-secondary.plist in Resources */ = {isa = PBXBuildFile; fileRef = 15FCBB7E211662CF006C9C85 /* MappingToQWERTY-X-phone-portrait-layout-secondary.plist */; };
		15FCBBAA211662D7006C9C85 /* MappingToQWERTY-medium-tablet-landscape-layout-secondary.plist in Resources */ = {isa = PBXBuildFile; fileRef = 15FCBB7F211662D0006C9C85 /* MappingToQWERTY-medium-tablet-landscape-layout-secondary.plist */; };
		15FCBBAB211662D7006C9C85 /* MappingToQWERTY-medium-tablet-landscape-meta.plist in Resources */ = {isa = PBXBuildFile; fileRef = 15FCBB80211662D0006C9C85 /* MappingToQWERTY-medium-tablet-landscape-meta.plist */; };
		15FCBBAC211662D7006C9C85 /* MappingToQWERTY-plus-phone-portrait-meta.plist in Resources */ = {isa = PBXBuildFile; fileRef = 15FCBB81211662D0006C9C85 /* MappingToQWERTY-plus-phone-portrait-meta.plist */; };
		15FCBBAD211662D7006C9C85 /* MappingToQWERTY-small-phone-landscape-layout-primary.plist in Resources */ = {isa = PBXBuildFile; fileRef = 15FCBB82211662D0006C9C85 /* MappingToQWERTY-small-phone-landscape-layout-primary.plist */; };
		15FCBBAE211662D7006C9C85 /* MappingToQWERTY-standard-phone-landscape-meta.plist in Resources */ = {isa = PBXBuildFile; fileRef = 15FCBB83211662D0006C9C85 /* MappingToQWERTY-standard-phone-landscape-meta.plist */; };
		15FCBBAF211662D7006C9C85 /* MappingToQWERTY-standard-tablet-landscape-layout-primary.plist in Resources */ = {isa = PBXBuildFile; fileRef = 15FCBB84211662D0006C9C85 /* MappingToQWERTY-standard-tablet-landscape-layout-primary.plist */; };
		15FCBBB0211662D7006C9C85 /* MappingToQWERTY-plus-phone-portrait-layout-primary.plist in Resources */ = {isa = PBXBuildFile; fileRef = 15FCBB85211662D0006C9C85 /* MappingToQWERTY-plus-phone-portrait-layout-primary.plist */; };
		15FCBBB1211662D7006C9C85 /* MappingToQWERTY-small-phone-portrait-layout-primary.plist in Resources */ = {isa = PBXBuildFile; fileRef = 15FCBB86211662D0006C9C85 /* MappingToQWERTY-small-phone-portrait-layout-primary.plist */; };
		15FCBBB2211662D7006C9C85 /* MappingToQWERTY-standard-phone-portrait-layout-secondary.plist in Resources */ = {isa = PBXBuildFile; fileRef = 15FCBB87211662D0006C9C85 /* MappingToQWERTY-standard-phone-portrait-layout-secondary.plist */; };
		15FCBBB3211662D7006C9C85 /* MappingToQWERTY-standard-tablet-portrait-layout-secondary.plist in Resources */ = {isa = PBXBuildFile; fileRef = 15FCBB88211662D0006C9C85 /* MappingToQWERTY-standard-tablet-portrait-layout-secondary.plist */; };
		15FCBBB4211662D7006C9C85 /* MappingToQWERTY-standard-phone-portrait-layout-primary.plist in Resources */ = {isa = PBXBuildFile; fileRef = 15FCBB89211662D0006C9C85 /* MappingToQWERTY-standard-phone-portrait-layout-primary.plist */; };
		15FCBBB5211662D7006C9C85 /* MappingToQWERTY-X-phone-portrait-meta.plist in Resources */ = {isa = PBXBuildFile; fileRef = 15FCBB8A211662D0006C9C85 /* MappingToQWERTY-X-phone-portrait-meta.plist */; };
		15FCBBB6211662D7006C9C85 /* MappingToQWERTY-medium-tablet-portrait-layout-primary.plist in Resources */ = {isa = PBXBuildFile; fileRef = 15FCBB8B211662D1006C9C85 /* MappingToQWERTY-medium-tablet-portrait-layout-primary.plist */; };
		15FCBBB7211662D7006C9C85 /* MappingToQWERTY-standard-tablet-portrait-layout-primary.plist in Resources */ = {isa = PBXBuildFile; fileRef = 15FCBB8C211662D1006C9C85 /* MappingToQWERTY-standard-tablet-portrait-layout-primary.plist */; };
		15FCBBB8211662D7006C9C85 /* MappingToQWERTY-medium-tablet-portrait-meta.plist in Resources */ = {isa = PBXBuildFile; fileRef = 15FCBB8D211662D1006C9C85 /* MappingToQWERTY-medium-tablet-portrait-meta.plist */; };
		15FCBBB9211662D7006C9C85 /* MappingToQWERTY-standard-tablet-portrait-meta.plist in Resources */ = {isa = PBXBuildFile; fileRef = 15FCBB8E211662D1006C9C85 /* MappingToQWERTY-standard-tablet-portrait-meta.plist */; };
		15FCBBBA211662D7006C9C85 /* MappingToQWERTY-X-phone-landscape-layout-primary.plist in Resources */ = {isa = PBXBuildFile; fileRef = 15FCBB8F211662D1006C9C85 /* MappingToQWERTY-X-phone-landscape-layout-primary.plist */; };
		15FCBBBB211662D7006C9C85 /* MappingToQWERTY-X-phone-portrait-layout-primary.plist in Resources */ = {isa = PBXBuildFile; fileRef = 15FCBB90211662D1006C9C85 /* MappingToQWERTY-X-phone-portrait-layout-primary.plist */; };
		15FCBBBC211662D7006C9C85 /* MappingToQWERTY-plus-phone-landscape-meta.plist in Resources */ = {isa = PBXBuildFile; fileRef = 15FCBB91211662D1006C9C85 /* MappingToQWERTY-plus-phone-landscape-meta.plist */; };
		15FCBBBD211662D7006C9C85 /* MappingToQWERTY-plus-phone-portrait-layout-secondary.plist in Resources */ = {isa = PBXBuildFile; fileRef = 15FCBB92211662D1006C9C85 /* MappingToQWERTY-plus-phone-portrait-layout-secondary.plist */; };
		15FCBBBE211662D7006C9C85 /* MappingToQWERTY-small-phone-landscape-meta.plist in Resources */ = {isa = PBXBuildFile; fileRef = 15FCBB93211662D1006C9C85 /* MappingToQWERTY-small-phone-landscape-meta.plist */; };
		15FCBBBF211662D7006C9C85 /* MappingToQWERTY-small-phone-portrait-meta.plist in Resources */ = {isa = PBXBuildFile; fileRef = 15FCBB94211662D2006C9C85 /* MappingToQWERTY-small-phone-portrait-meta.plist */; };
		15FCBBC0211662D7006C9C85 /* MappingToQWERTY-large-tablet-landscape-layout-secondary.plist in Resources */ = {isa = PBXBuildFile; fileRef = 15FCBB95211662D2006C9C85 /* MappingToQWERTY-large-tablet-landscape-layout-secondary.plist */; };
		15FCBBC1211662D7006C9C85 /* MappingToQWERTY-large-tablet-landscape-layout-primary.plist in Resources */ = {isa = PBXBuildFile; fileRef = 15FCBB96211662D2006C9C85 /* MappingToQWERTY-large-tablet-landscape-layout-primary.plist */; };
		15FCBBC2211662D7006C9C85 /* MappingToQWERTY-large-tablet-portrait-layout-secondary.plist in Resources */ = {isa = PBXBuildFile; fileRef = 15FCBB97211662D2006C9C85 /* MappingToQWERTY-large-tablet-portrait-layout-secondary.plist */; };
		15FCBBC3211662D7006C9C85 /* MappingToQWERTY-large-tablet-landscape-meta.plist in Resources */ = {isa = PBXBuildFile; fileRef = 15FCBB98211662D2006C9C85 /* MappingToQWERTY-large-tablet-landscape-meta.plist */; };
		15FCBBC4211662D7006C9C85 /* MappingToQWERTY-large-tablet-portrait-meta.plist in Resources */ = {isa = PBXBuildFile; fileRef = 15FCBB99211662D2006C9C85 /* MappingToQWERTY-large-tablet-portrait-meta.plist */; };
		15FCBBC5211662D7006C9C85 /* MappingToQWERTY-small-phone-portrait-layout-secondary.plist in Resources */ = {isa = PBXBuildFile; fileRef = 15FCBB9A211662D2006C9C85 /* MappingToQWERTY-small-phone-portrait-layout-secondary.plist */; };
		15FCBBC6211662D7006C9C85 /* MappingToQWERTY-large-tablet-portrait-layout-primary.plist in Resources */ = {isa = PBXBuildFile; fileRef = 15FCBB9B211662D3006C9C85 /* MappingToQWERTY-large-tablet-portrait-layout-primary.plist */; };
		15FCBBC7211662D7006C9C85 /* MappingToQWERTY-standard-phone-landscape-layout-primary.plist in Resources */ = {isa = PBXBuildFile; fileRef = 15FCBB9C211662D5006C9C85 /* MappingToQWERTY-standard-phone-landscape-layout-primary.plist */; };
		15FCBBC8211662D7006C9C85 /* MappingToQWERTY-keys.plist in Resources */ = {isa = PBXBuildFile; fileRef = 15FCBB9D211662D5006C9C85 /* MappingToQWERTY-keys.plist */; };
		15FCBBC9211662D7006C9C85 /* MappingToQWERTY-plus-phone-landscape-layout-primary.plist in Resources */ = {isa = PBXBuildFile; fileRef = 15FCBB9E211662D5006C9C85 /* MappingToQWERTY-plus-phone-landscape-layout-primary.plist */; };
		15FCBBCA211662D7006C9C85 /* MappingToQWERTY-plus-phone-landscape-layout-secondary.plist in Resources */ = {isa = PBXBuildFile; fileRef = 15FCBB9F211662D5006C9C85 /* MappingToQWERTY-plus-phone-landscape-layout-secondary.plist */; };
		15FCBBCB211662D7006C9C85 /* MappingToQWERTY-standard-phone-portrait-meta.plist in Resources */ = {isa = PBXBuildFile; fileRef = 15FCBBA0211662D5006C9C85 /* MappingToQWERTY-standard-phone-portrait-meta.plist */; };
		15FCBBCC211662D7006C9C85 /* MappingToQWERTY-X-phone-landscape-meta.plist in Resources */ = {isa = PBXBuildFile; fileRef = 15FCBBA1211662D6006C9C85 /* MappingToQWERTY-X-phone-landscape-meta.plist */; };
		15FCBBCD211662D7006C9C85 /* MappingToQWERTY-medium-tablet-landscape-layout-primary.plist in Resources */ = {isa = PBXBuildFile; fileRef = 15FCBBA2211662D6006C9C85 /* MappingToQWERTY-medium-tablet-landscape-layout-primary.plist */; };
		15FCBBCE211662D7006C9C85 /* MappingToQWERTY-standard-tablet-landscape-layout-secondary.plist in Resources */ = {isa = PBXBuildFile; fileRef = 15FCBBA3211662D6006C9C85 /* MappingToQWERTY-standard-tablet-landscape-layout-secondary.plist */; };
		15FCBBCF211662D7006C9C85 /* MappingToQWERTY-medium-tablet-portrait-layout-secondary.plist in Resources */ = {isa = PBXBuildFile; fileRef = 15FCBBA4211662D6006C9C85 /* MappingToQWERTY-medium-tablet-portrait-layout-secondary.plist */; };
		15FCBBD0211662D7006C9C85 /* MappingToQWERTY-standard-tablet-landscape-meta.plist in Resources */ = {isa = PBXBuildFile; fileRef = 15FCBBA5211662D6006C9C85 /* MappingToQWERTY-standard-tablet-landscape-meta.plist */; };
		15FCBBD1211662D7006C9C85 /* MappingToQWERTY-standard-phone-landscape-layout-secondary.plist in Resources */ = {isa = PBXBuildFile; fileRef = 15FCBBA6211662D7006C9C85 /* MappingToQWERTY-standard-phone-landscape-layout-secondary.plist */; };
		15FCBBD2211662D7006C9C85 /* MappingToQWERTY-small-phone-landscape-layout-secondary.plist in Resources */ = {isa = PBXBuildFile; fileRef = 15FCBBA7211662D7006C9C85 /* MappingToQWERTY-small-phone-landscape-layout-secondary.plist */; };
		15FCBBD3211662D7006C9C85 /* MappingToQWERTY-X-phone-landscape-layout-secondary.plist in Resources */ = {isa = PBXBuildFile; fileRef = 15FCBBA8211662D7006C9C85 /* MappingToQWERTY-X-phone-landscape-layout-secondary.plist */; };
		15FCBBD62116650E006C9C85 /* Close-Dark.png in Resources */ = {isa = PBXBuildFile; fileRef = 15FCBBD42116650E006C9C85 /* Close-Dark.png */; };
		15FCBBD72116650E006C9C85 /* Close-Light.png in Resources */ = {isa = PBXBuildFile; fileRef = 15FCBBD52116650E006C9C85 /* Close-Light.png */; };
		15FD2D22209998D900F41ED6 /* RasmLayout-Keys.plist in Resources */ = {isa = PBXBuildFile; fileRef = 15FD2D21209998D900F41ED6 /* RasmLayout-Keys.plist */; };
		15FD2D2420999AAE00F41ED6 /* RasmLayout-w375.plist in Resources */ = {isa = PBXBuildFile; fileRef = 15FD2D2320999AAE00F41ED6 /* RasmLayout-w375.plist */; };
		15FD2D4F209C818400F41ED6 /* Alphabetical-plus-phone-portrait-layout-secondary.plist in Resources */ = {isa = PBXBuildFile; fileRef = 15FD2D41209C818300F41ED6 /* Alphabetical-plus-phone-portrait-layout-secondary.plist */; };
		15FD2D50209C818400F41ED6 /* Alphabetical-large-tablet-portrait-layout-secondary.plist in Resources */ = {isa = PBXBuildFile; fileRef = 15FD2D42209C818300F41ED6 /* Alphabetical-large-tablet-portrait-layout-secondary.plist */; };
		15FD2D51209C818400F41ED6 /* Alphabetical-medium-tablet-portrait-layout-secondary.plist in Resources */ = {isa = PBXBuildFile; fileRef = 15FD2D43209C818300F41ED6 /* Alphabetical-medium-tablet-portrait-layout-secondary.plist */; };
		15FD2D52209C818400F41ED6 /* Alphabetical-small-phone-landscape-layout-secondary.plist in Resources */ = {isa = PBXBuildFile; fileRef = 15FD2D44209C818300F41ED6 /* Alphabetical-small-phone-landscape-layout-secondary.plist */; };
		15FD2D53209C818400F41ED6 /* Alphabetical-X-phone-landscape-layout-secondary.plist in Resources */ = {isa = PBXBuildFile; fileRef = 15FD2D45209C818300F41ED6 /* Alphabetical-X-phone-landscape-layout-secondary.plist */; };
		15FD2D54209C818400F41ED6 /* Alphabetical-standard-tablet-landscape-layout-secondary.plist in Resources */ = {isa = PBXBuildFile; fileRef = 15FD2D46209C818300F41ED6 /* Alphabetical-standard-tablet-landscape-layout-secondary.plist */; };
		15FD2D55209C818400F41ED6 /* Alphabetical-small-phone-portrait-layout-secondary.plist in Resources */ = {isa = PBXBuildFile; fileRef = 15FD2D47209C818300F41ED6 /* Alphabetical-small-phone-portrait-layout-secondary.plist */; };
		15FD2D56209C818400F41ED6 /* Alphabetical-X-phone-portrait-layout-secondary.plist in Resources */ = {isa = PBXBuildFile; fileRef = 15FD2D48209C818400F41ED6 /* Alphabetical-X-phone-portrait-layout-secondary.plist */; };
		15FD2D57209C818400F41ED6 /* Alphabetical-large-tablet-landscape-layout-secondary.plist in Resources */ = {isa = PBXBuildFile; fileRef = 15FD2D49209C818400F41ED6 /* Alphabetical-large-tablet-landscape-layout-secondary.plist */; };
		15FD2D58209C818400F41ED6 /* Alphabetical-medium-tablet-landscape-layout-secondary.plist in Resources */ = {isa = PBXBuildFile; fileRef = 15FD2D4A209C818400F41ED6 /* Alphabetical-medium-tablet-landscape-layout-secondary.plist */; };
		15FD2D59209C818400F41ED6 /* Alphabetical-standard-phone-landscape-layout-secondary.plist in Resources */ = {isa = PBXBuildFile; fileRef = 15FD2D4B209C818400F41ED6 /* Alphabetical-standard-phone-landscape-layout-secondary.plist */; };
		15FD2D5A209C818400F41ED6 /* Alphabetical-plus-phone-landscape-layout-secondary.plist in Resources */ = {isa = PBXBuildFile; fileRef = 15FD2D4C209C818400F41ED6 /* Alphabetical-plus-phone-landscape-layout-secondary.plist */; };
		15FD2D5B209C818400F41ED6 /* Alphabetical-standard-phone-portrait-layout-secondary.plist in Resources */ = {isa = PBXBuildFile; fileRef = 15FD2D4D209C818400F41ED6 /* Alphabetical-standard-phone-portrait-layout-secondary.plist */; };
		15FD2D5C209C818400F41ED6 /* Alphabetical-standard-tablet-portrait-layout-secondary.plist in Resources */ = {isa = PBXBuildFile; fileRef = 15FD2D4E209C818400F41ED6 /* Alphabetical-standard-tablet-portrait-layout-secondary.plist */; };
/* End PBXBuildFile section */

/* Begin PBXContainerItemProxy section */
		15DB7CD32032ADC500A84C7E /* PBXContainerItemProxy */ = {
			isa = PBXContainerItemProxy;
			containerPortal = 15DB7C912032AD5100A84C7E /* Project object */;
			proxyType = 1;
			remoteGlobalIDString = 15DB7CCD2032ADC500A84C7E;
			remoteInfo = "Z 0.1";
		};
/* End PBXContainerItemProxy section */

/* Begin PBXCopyFilesBuildPhase section */
		15DB7CD92032ADC500A84C7E /* Embed App Extensions */ = {
			isa = PBXCopyFilesBuildPhase;
			buildActionMask = 2147483647;
			dstPath = "";
			dstSubfolderSpec = 13;
			files = (
				15DB7CD52032ADC500A84C7E /* Matnsaz Keyboard.appex in Embed App Extensions */,
			);
			name = "Embed App Extensions";
			runOnlyForDeploymentPostprocessing = 0;
		};
/* End PBXCopyFilesBuildPhase section */

/* Begin PBXFileReference section */
		155257A5203AA26C00B57DE7 /* Matnsaz.entitlements */ = {isa = PBXFileReference; lastKnownFileType = text.plist.entitlements; path = Matnsaz.entitlements; sourceTree = "<group>"; };
		1557161C20995D4200B0E7D4 /* Alphabetical-keys.plist */ = {isa = PBXFileReference; lastKnownFileType = text.plist.xml; path = "Alphabetical-keys.plist"; sourceTree = "<group>"; };
		1557161E20995DB200B0E7D4 /* Alphabetical-standard-phone-portrait-layout-primary.plist */ = {isa = PBXFileReference; lastKnownFileType = text.plist.xml; path = "Alphabetical-standard-phone-portrait-layout-primary.plist"; sourceTree = "<group>"; };
		156333352068A9DC004F823C /* Key.swift */ = {isa = PBXFileReference; lastKnownFileType = sourcecode.swift; path = Key.swift; sourceTree = "<group>"; };
		15633338206A08C8004F823C /* ArabicScript.swift */ = {isa = PBXFileReference; lastKnownFileType = sourcecode.swift; path = ArabicScript.swift; sourceTree = "<group>"; };
		15AFD3FB209BFBD100184F36 /* Alphabetical-standard-phone-portrait-meta.plist */ = {isa = PBXFileReference; lastKnownFileType = text.plist.xml; path = "Alphabetical-standard-phone-portrait-meta.plist"; sourceTree = "<group>"; };
		15AFD3FD209C008300184F36 /* Alphabetical-standard-phone-landscape-meta.plist */ = {isa = PBXFileReference; lastKnownFileType = text.plist.xml; path = "Alphabetical-standard-phone-landscape-meta.plist"; sourceTree = "<group>"; };
		15AFD3FF209C00B100184F36 /* Alphabetical-standard-phone-landscape-layout-primary.plist */ = {isa = PBXFileReference; lastKnownFileType = text.plist.xml; path = "Alphabetical-standard-phone-landscape-layout-primary.plist"; sourceTree = "<group>"; };
		15AFD401209C08C600184F36 /* Matnsaz Keyboard.entitlements */ = {isa = PBXFileReference; lastKnownFileType = text.plist.entitlements; path = "Matnsaz Keyboard.entitlements"; sourceTree = "<group>"; };
		15AFD402209C09B100184F36 /* Alphabetical-small-phone-portrait-meta.plist */ = {isa = PBXFileReference; fileEncoding = 4; lastKnownFileType = text.plist.xml; path = "Alphabetical-small-phone-portrait-meta.plist"; sourceTree = "<group>"; };
		15AFD404209C09E400184F36 /* Alphabetical-small-phone-portrait-layout-primary.plist */ = {isa = PBXFileReference; fileEncoding = 4; lastKnownFileType = text.plist; path = "Alphabetical-small-phone-portrait-layout-primary.plist"; sourceTree = "<group>"; };
		15AFD408209C0E5F00184F36 /* Alphabetical-small-phone-landscape-meta.plist */ = {isa = PBXFileReference; fileEncoding = 4; lastKnownFileType = text.plist.xml; path = "Alphabetical-small-phone-landscape-meta.plist"; sourceTree = "<group>"; };
		15AFD40E209C0F1E00184F36 /* Alphabetical-small-phone-landscape-layout-primary.plist */ = {isa = PBXFileReference; fileEncoding = 4; lastKnownFileType = text.plist.xml; path = "Alphabetical-small-phone-landscape-layout-primary.plist"; sourceTree = "<group>"; };
		15AFD410209C138E00184F36 /* Alphabetical-plus-phone-portrait-meta.plist */ = {isa = PBXFileReference; fileEncoding = 4; lastKnownFileType = text.plist.xml; path = "Alphabetical-plus-phone-portrait-meta.plist"; sourceTree = "<group>"; };
		15AFD412209C139800184F36 /* Alphabetical-plus-phone-portrait-layout-primary.plist */ = {isa = PBXFileReference; fileEncoding = 4; lastKnownFileType = text.plist.xml; path = "Alphabetical-plus-phone-portrait-layout-primary.plist"; sourceTree = "<group>"; };
		15AFD414209C180D00184F36 /* Alphabetical-plus-phone-landscape-meta.plist */ = {isa = PBXFileReference; fileEncoding = 4; lastKnownFileType = text.plist.xml; path = "Alphabetical-plus-phone-landscape-meta.plist"; sourceTree = "<group>"; };
		15AFD416209C181E00184F36 /* Alphabetical-plus-phone-landscape-layout-primary.plist */ = {isa = PBXFileReference; fileEncoding = 4; lastKnownFileType = text.plist.xml; path = "Alphabetical-plus-phone-landscape-layout-primary.plist"; sourceTree = "<group>"; };
		15AFD418209C1C9E00184F36 /* Alphabetical-X-phone-portrait-meta.plist */ = {isa = PBXFileReference; fileEncoding = 4; lastKnownFileType = text.plist.xml; path = "Alphabetical-X-phone-portrait-meta.plist"; sourceTree = "<group>"; };
		15AFD41A209C1D0300184F36 /* Alphabetical-X-phone-portrait-layout-primary.plist */ = {isa = PBXFileReference; fileEncoding = 4; lastKnownFileType = text.plist.xml; path = "Alphabetical-X-phone-portrait-layout-primary.plist"; sourceTree = "<group>"; };
		15AFD41C209C1EEA00184F36 /* Alphabetical-X-phone-landscape-meta.plist */ = {isa = PBXFileReference; fileEncoding = 4; lastKnownFileType = text.plist.xml; path = "Alphabetical-X-phone-landscape-meta.plist"; sourceTree = "<group>"; };
		15AFD41E209C1F0800184F36 /* Alphabetical-X-phone-landscape-layout-primary.plist */ = {isa = PBXFileReference; fileEncoding = 4; lastKnownFileType = text.plist.xml; path = "Alphabetical-X-phone-landscape-layout-primary.plist"; sourceTree = "<group>"; };
		15AFD420209C3C3100184F36 /* Alphabetical-standard-tablet-portrait-meta.plist */ = {isa = PBXFileReference; fileEncoding = 4; lastKnownFileType = text.plist.xml; path = "Alphabetical-standard-tablet-portrait-meta.plist"; sourceTree = "<group>"; };
		15AFD422209C3C4600184F36 /* Alphabetical-standard-tablet-portrait-layout-primary.plist */ = {isa = PBXFileReference; fileEncoding = 4; lastKnownFileType = text.plist.xml; path = "Alphabetical-standard-tablet-portrait-layout-primary.plist"; sourceTree = "<group>"; };
		15C327BA209C4572008EC82C /* Alphabetical-standard-tablet-landscape-meta.plist */ = {isa = PBXFileReference; fileEncoding = 4; lastKnownFileType = text.plist.xml; path = "Alphabetical-standard-tablet-landscape-meta.plist"; sourceTree = "<group>"; };
		15C327BC209C4588008EC82C /* Alphabetical-standard-tablet-landscape-layout-primary.plist */ = {isa = PBXFileReference; fileEncoding = 4; lastKnownFileType = text.plist.xml; path = "Alphabetical-standard-tablet-landscape-layout-primary.plist"; sourceTree = "<group>"; };
		15C327BE209C47D6008EC82C /* Alphabetical-large-tablet-portrait-meta.plist */ = {isa = PBXFileReference; fileEncoding = 4; lastKnownFileType = text.plist.xml; path = "Alphabetical-large-tablet-portrait-meta.plist"; sourceTree = "<group>"; };
		15C327C0209C47E1008EC82C /* Alphabetical-large-tablet-portrait-layout-primary.plist */ = {isa = PBXFileReference; fileEncoding = 4; lastKnownFileType = text.plist.xml; path = "Alphabetical-large-tablet-portrait-layout-primary.plist"; sourceTree = "<group>"; };
		15C327C2209C4800008EC82C /* Alphabetical-medium-tablet-landscape-meta.plist */ = {isa = PBXFileReference; fileEncoding = 4; lastKnownFileType = text.plist.xml; path = "Alphabetical-medium-tablet-landscape-meta.plist"; sourceTree = "<group>"; };
		15C327C4209C4807008EC82C /* Alphabetical-medium-tablet-landscape-layout-primary.plist */ = {isa = PBXFileReference; fileEncoding = 4; lastKnownFileType = text.plist.xml; path = "Alphabetical-medium-tablet-landscape-layout-primary.plist"; sourceTree = "<group>"; };
		15C327C6209C492C008EC82C /* Alphabetical-medium-tablet-portrait-meta.plist */ = {isa = PBXFileReference; fileEncoding = 4; lastKnownFileType = text.plist.xml; path = "Alphabetical-medium-tablet-portrait-meta.plist"; sourceTree = "<group>"; };
		15C327CD209C4BDC008EC82C /* Alphabetical-medium-tablet-portrait-layout-primary.plist */ = {isa = PBXFileReference; fileEncoding = 4; lastKnownFileType = text.plist.xml; path = "Alphabetical-medium-tablet-portrait-layout-primary.plist"; sourceTree = "<group>"; };
		15C327CF209C4CC4008EC82C /* Alphabetical-large-tablet-landscape-meta.plist */ = {isa = PBXFileReference; fileEncoding = 4; lastKnownFileType = text.plist.xml; path = "Alphabetical-large-tablet-landscape-meta.plist"; sourceTree = "<group>"; };
		15C327D1209C4CCC008EC82C /* Alphabetical-large-tablet-landscape-layout-primary.plist */ = {isa = PBXFileReference; fileEncoding = 4; lastKnownFileType = text.plist.xml; path = "Alphabetical-large-tablet-landscape-layout-primary.plist"; sourceTree = "<group>"; };
		15C327D3209C5486008EC82C /* App Icons */ = {isa = PBXFileReference; lastKnownFileType = folder; path = "App Icons"; sourceTree = "<group>"; };
		15DB7C992032AD5100A84C7E /* Matnsaz.app */ = {isa = PBXFileReference; explicitFileType = wrapper.application; includeInIndex = 0; path = Matnsaz.app; sourceTree = BUILT_PRODUCTS_DIR; };
		15DB7C9C2032AD5100A84C7E /* AppDelegate.swift */ = {isa = PBXFileReference; lastKnownFileType = sourcecode.swift; path = AppDelegate.swift; sourceTree = "<group>"; };
		15DB7C9E2032AD5100A84C7E /* ViewController.swift */ = {isa = PBXFileReference; lastKnownFileType = sourcecode.swift; path = ViewController.swift; sourceTree = "<group>"; };
		15DB7CA12032AD5100A84C7E /* Base */ = {isa = PBXFileReference; lastKnownFileType = file.storyboard; name = Base; path = Base.lproj/Main.storyboard; sourceTree = "<group>"; };
		15DB7CA32032AD5100A84C7E /* Assets.xcassets */ = {isa = PBXFileReference; lastKnownFileType = folder.assetcatalog; path = Assets.xcassets; sourceTree = "<group>"; };
		15DB7CA62032AD5100A84C7E /* Base */ = {isa = PBXFileReference; lastKnownFileType = file.storyboard; name = Base; path = Base.lproj/LaunchScreen.storyboard; sourceTree = "<group>"; };
		15DB7CA82032AD5100A84C7E /* Info.plist */ = {isa = PBXFileReference; lastKnownFileType = text.plist.xml; path = Info.plist; sourceTree = "<group>"; };
		15DB7CCE2032ADC500A84C7E /* Matnsaz Keyboard.appex */ = {isa = PBXFileReference; explicitFileType = "wrapper.app-extension"; includeInIndex = 0; path = "Matnsaz Keyboard.appex"; sourceTree = BUILT_PRODUCTS_DIR; };
		15DB7CD02032ADC500A84C7E /* KeyboardViewController.swift */ = {isa = PBXFileReference; lastKnownFileType = sourcecode.swift; path = KeyboardViewController.swift; sourceTree = "<group>"; };
		15DB7CD22032ADC500A84C7E /* Info.plist */ = {isa = PBXFileReference; lastKnownFileType = text.plist.xml; path = Info.plist; sourceTree = "<group>"; };
		15DE59AE2112551500FAA134 /* DismissKeyboard-Dark.png */ = {isa = PBXFileReference; lastKnownFileType = image.png; path = "DismissKeyboard-Dark.png"; sourceTree = "<group>"; };
		15DE59AF2112551500FAA134 /* KeyboardSelection-Light.png */ = {isa = PBXFileReference; lastKnownFileType = image.png; path = "KeyboardSelection-Light.png"; sourceTree = "<group>"; };
		15DE59B02112551500FAA134 /* KeyboardSelection-Dark.png */ = {isa = PBXFileReference; lastKnownFileType = image.png; path = "KeyboardSelection-Dark.png"; sourceTree = "<group>"; };
		15DE59B12112551500FAA134 /* DismissKeyboard-Light.png */ = {isa = PBXFileReference; lastKnownFileType = image.png; path = "DismissKeyboard-Light.png"; sourceTree = "<group>"; };
		15DE59B22112551500FAA134 /* Backspace-Dark.png */ = {isa = PBXFileReference; lastKnownFileType = image.png; path = "Backspace-Dark.png"; sourceTree = "<group>"; };
		15DE59B32112551500FAA134 /* Return-Dark.png */ = {isa = PBXFileReference; lastKnownFileType = image.png; path = "Return-Dark.png"; sourceTree = "<group>"; };
		15DE59B42112551500FAA134 /* Return-Light.png */ = {isa = PBXFileReference; lastKnownFileType = image.png; path = "Return-Light.png"; sourceTree = "<group>"; };
		15DE59B52112551500FAA134 /* Backspace-Light.png */ = {isa = PBXFileReference; lastKnownFileType = image.png; path = "Backspace-Light.png"; sourceTree = "<group>"; };
		15FCBAC121152B31006C9C85 /* Settings-Light.png */ = {isa = PBXFileReference; lastKnownFileType = image.png; path = "Settings-Light.png"; sourceTree = "<group>"; };
		15FCBAC221152B31006C9C85 /* Settings-Dark.png */ = {isa = PBXFileReference; lastKnownFileType = image.png; path = "Settings-Dark.png"; sourceTree = "<group>"; };
		15FCBAC721157D72006C9C85 /* SettingsViewController.swift */ = {isa = PBXFileReference; lastKnownFileType = sourcecode.swift; path = SettingsViewController.swift; sourceTree = "<group>"; };
		15FCBB7E211662CF006C9C85 /* MappingToQWERTY-X-phone-portrait-layout-secondary.plist */ = {isa = PBXFileReference; fileEncoding = 4; lastKnownFileType = text.plist.xml; name = "MappingToQWERTY-X-phone-portrait-layout-secondary.plist"; path = "Matnsaz Keyboard/Layouts/MappingToQWERTY/MappingToQWERTY-X-phone-portrait-layout-secondary.plist"; sourceTree = SOURCE_ROOT; };
		15FCBB7F211662D0006C9C85 /* MappingToQWERTY-medium-tablet-landscape-layout-secondary.plist */ = {isa = PBXFileReference; fileEncoding = 4; lastKnownFileType = text.plist.xml; name = "MappingToQWERTY-medium-tablet-landscape-layout-secondary.plist"; path = "Matnsaz Keyboard/Layouts/MappingToQWERTY/MappingToQWERTY-medium-tablet-landscape-layout-secondary.plist"; sourceTree = SOURCE_ROOT; };
		15FCBB80211662D0006C9C85 /* MappingToQWERTY-medium-tablet-landscape-meta.plist */ = {isa = PBXFileReference; fileEncoding = 4; lastKnownFileType = text.plist.xml; name = "MappingToQWERTY-medium-tablet-landscape-meta.plist"; path = "Matnsaz Keyboard/Layouts/MappingToQWERTY/MappingToQWERTY-medium-tablet-landscape-meta.plist"; sourceTree = SOURCE_ROOT; };
		15FCBB81211662D0006C9C85 /* MappingToQWERTY-plus-phone-portrait-meta.plist */ = {isa = PBXFileReference; fileEncoding = 4; lastKnownFileType = text.plist.xml; name = "MappingToQWERTY-plus-phone-portrait-meta.plist"; path = "Matnsaz Keyboard/Layouts/MappingToQWERTY/MappingToQWERTY-plus-phone-portrait-meta.plist"; sourceTree = SOURCE_ROOT; };
		15FCBB82211662D0006C9C85 /* MappingToQWERTY-small-phone-landscape-layout-primary.plist */ = {isa = PBXFileReference; fileEncoding = 4; lastKnownFileType = text.plist.xml; name = "MappingToQWERTY-small-phone-landscape-layout-primary.plist"; path = "Matnsaz Keyboard/Layouts/MappingToQWERTY/MappingToQWERTY-small-phone-landscape-layout-primary.plist"; sourceTree = SOURCE_ROOT; };
		15FCBB83211662D0006C9C85 /* MappingToQWERTY-standard-phone-landscape-meta.plist */ = {isa = PBXFileReference; fileEncoding = 4; lastKnownFileType = text.plist.xml; name = "MappingToQWERTY-standard-phone-landscape-meta.plist"; path = "Matnsaz Keyboard/Layouts/MappingToQWERTY/MappingToQWERTY-standard-phone-landscape-meta.plist"; sourceTree = SOURCE_ROOT; };
		15FCBB84211662D0006C9C85 /* MappingToQWERTY-standard-tablet-landscape-layout-primary.plist */ = {isa = PBXFileReference; fileEncoding = 4; lastKnownFileType = text.plist.xml; name = "MappingToQWERTY-standard-tablet-landscape-layout-primary.plist"; path = "Matnsaz Keyboard/Layouts/MappingToQWERTY/MappingToQWERTY-standard-tablet-landscape-layout-primary.plist"; sourceTree = SOURCE_ROOT; };
		15FCBB85211662D0006C9C85 /* MappingToQWERTY-plus-phone-portrait-layout-primary.plist */ = {isa = PBXFileReference; fileEncoding = 4; lastKnownFileType = text.plist.xml; name = "MappingToQWERTY-plus-phone-portrait-layout-primary.plist"; path = "Matnsaz Keyboard/Layouts/MappingToQWERTY/MappingToQWERTY-plus-phone-portrait-layout-primary.plist"; sourceTree = SOURCE_ROOT; };
		15FCBB86211662D0006C9C85 /* MappingToQWERTY-small-phone-portrait-layout-primary.plist */ = {isa = PBXFileReference; fileEncoding = 4; lastKnownFileType = text.plist.xml; name = "MappingToQWERTY-small-phone-portrait-layout-primary.plist"; path = "Matnsaz Keyboard/Layouts/MappingToQWERTY/MappingToQWERTY-small-phone-portrait-layout-primary.plist"; sourceTree = SOURCE_ROOT; };
		15FCBB87211662D0006C9C85 /* MappingToQWERTY-standard-phone-portrait-layout-secondary.plist */ = {isa = PBXFileReference; fileEncoding = 4; lastKnownFileType = text.plist.xml; name = "MappingToQWERTY-standard-phone-portrait-layout-secondary.plist"; path = "Matnsaz Keyboard/Layouts/MappingToQWERTY/MappingToQWERTY-standard-phone-portrait-layout-secondary.plist"; sourceTree = SOURCE_ROOT; };
		15FCBB88211662D0006C9C85 /* MappingToQWERTY-standard-tablet-portrait-layout-secondary.plist */ = {isa = PBXFileReference; fileEncoding = 4; lastKnownFileType = text.plist.xml; name = "MappingToQWERTY-standard-tablet-portrait-layout-secondary.plist"; path = "Matnsaz Keyboard/Layouts/MappingToQWERTY/MappingToQWERTY-standard-tablet-portrait-layout-secondary.plist"; sourceTree = SOURCE_ROOT; };
		15FCBB89211662D0006C9C85 /* MappingToQWERTY-standard-phone-portrait-layout-primary.plist */ = {isa = PBXFileReference; fileEncoding = 4; lastKnownFileType = text.plist.xml; name = "MappingToQWERTY-standard-phone-portrait-layout-primary.plist"; path = "Matnsaz Keyboard/Layouts/MappingToQWERTY/MappingToQWERTY-standard-phone-portrait-layout-primary.plist"; sourceTree = SOURCE_ROOT; };
		15FCBB8A211662D0006C9C85 /* MappingToQWERTY-X-phone-portrait-meta.plist */ = {isa = PBXFileReference; fileEncoding = 4; lastKnownFileType = text.plist.xml; name = "MappingToQWERTY-X-phone-portrait-meta.plist"; path = "Matnsaz Keyboard/Layouts/MappingToQWERTY/MappingToQWERTY-X-phone-portrait-meta.plist"; sourceTree = SOURCE_ROOT; };
		15FCBB8B211662D1006C9C85 /* MappingToQWERTY-medium-tablet-portrait-layout-primary.plist */ = {isa = PBXFileReference; fileEncoding = 4; lastKnownFileType = text.plist.xml; name = "MappingToQWERTY-medium-tablet-portrait-layout-primary.plist"; path = "Matnsaz Keyboard/Layouts/MappingToQWERTY/MappingToQWERTY-medium-tablet-portrait-layout-primary.plist"; sourceTree = SOURCE_ROOT; };
		15FCBB8C211662D1006C9C85 /* MappingToQWERTY-standard-tablet-portrait-layout-primary.plist */ = {isa = PBXFileReference; fileEncoding = 4; lastKnownFileType = text.plist.xml; name = "MappingToQWERTY-standard-tablet-portrait-layout-primary.plist"; path = "Matnsaz Keyboard/Layouts/MappingToQWERTY/MappingToQWERTY-standard-tablet-portrait-layout-primary.plist"; sourceTree = SOURCE_ROOT; };
		15FCBB8D211662D1006C9C85 /* MappingToQWERTY-medium-tablet-portrait-meta.plist */ = {isa = PBXFileReference; fileEncoding = 4; lastKnownFileType = text.plist.xml; name = "MappingToQWERTY-medium-tablet-portrait-meta.plist"; path = "Matnsaz Keyboard/Layouts/MappingToQWERTY/MappingToQWERTY-medium-tablet-portrait-meta.plist"; sourceTree = SOURCE_ROOT; };
		15FCBB8E211662D1006C9C85 /* MappingToQWERTY-standard-tablet-portrait-meta.plist */ = {isa = PBXFileReference; fileEncoding = 4; lastKnownFileType = text.plist.xml; name = "MappingToQWERTY-standard-tablet-portrait-meta.plist"; path = "Matnsaz Keyboard/Layouts/MappingToQWERTY/MappingToQWERTY-standard-tablet-portrait-meta.plist"; sourceTree = SOURCE_ROOT; };
		15FCBB8F211662D1006C9C85 /* MappingToQWERTY-X-phone-landscape-layout-primary.plist */ = {isa = PBXFileReference; fileEncoding = 4; lastKnownFileType = text.plist.xml; name = "MappingToQWERTY-X-phone-landscape-layout-primary.plist"; path = "Matnsaz Keyboard/Layouts/MappingToQWERTY/MappingToQWERTY-X-phone-landscape-layout-primary.plist"; sourceTree = SOURCE_ROOT; };
		15FCBB90211662D1006C9C85 /* MappingToQWERTY-X-phone-portrait-layout-primary.plist */ = {isa = PBXFileReference; fileEncoding = 4; lastKnownFileType = text.plist.xml; name = "MappingToQWERTY-X-phone-portrait-layout-primary.plist"; path = "Matnsaz Keyboard/Layouts/MappingToQWERTY/MappingToQWERTY-X-phone-portrait-layout-primary.plist"; sourceTree = SOURCE_ROOT; };
		15FCBB91211662D1006C9C85 /* MappingToQWERTY-plus-phone-landscape-meta.plist */ = {isa = PBXFileReference; fileEncoding = 4; lastKnownFileType = text.plist.xml; name = "MappingToQWERTY-plus-phone-landscape-meta.plist"; path = "Matnsaz Keyboard/Layouts/MappingToQWERTY/MappingToQWERTY-plus-phone-landscape-meta.plist"; sourceTree = SOURCE_ROOT; };
		15FCBB92211662D1006C9C85 /* MappingToQWERTY-plus-phone-portrait-layout-secondary.plist */ = {isa = PBXFileReference; fileEncoding = 4; lastKnownFileType = text.plist.xml; name = "MappingToQWERTY-plus-phone-portrait-layout-secondary.plist"; path = "Matnsaz Keyboard/Layouts/MappingToQWERTY/MappingToQWERTY-plus-phone-portrait-layout-secondary.plist"; sourceTree = SOURCE_ROOT; };
		15FCBB93211662D1006C9C85 /* MappingToQWERTY-small-phone-landscape-meta.plist */ = {isa = PBXFileReference; fileEncoding = 4; lastKnownFileType = text.plist.xml; name = "MappingToQWERTY-small-phone-landscape-meta.plist"; path = "Matnsaz Keyboard/Layouts/MappingToQWERTY/MappingToQWERTY-small-phone-landscape-meta.plist"; sourceTree = SOURCE_ROOT; };
		15FCBB94211662D2006C9C85 /* MappingToQWERTY-small-phone-portrait-meta.plist */ = {isa = PBXFileReference; fileEncoding = 4; lastKnownFileType = text.plist.xml; name = "MappingToQWERTY-small-phone-portrait-meta.plist"; path = "Matnsaz Keyboard/Layouts/MappingToQWERTY/MappingToQWERTY-small-phone-portrait-meta.plist"; sourceTree = SOURCE_ROOT; };
		15FCBB95211662D2006C9C85 /* MappingToQWERTY-large-tablet-landscape-layout-secondary.plist */ = {isa = PBXFileReference; fileEncoding = 4; lastKnownFileType = text.plist.xml; name = "MappingToQWERTY-large-tablet-landscape-layout-secondary.plist"; path = "Matnsaz Keyboard/Layouts/MappingToQWERTY/MappingToQWERTY-large-tablet-landscape-layout-secondary.plist"; sourceTree = SOURCE_ROOT; };
		15FCBB96211662D2006C9C85 /* MappingToQWERTY-large-tablet-landscape-layout-primary.plist */ = {isa = PBXFileReference; fileEncoding = 4; lastKnownFileType = text.plist.xml; name = "MappingToQWERTY-large-tablet-landscape-layout-primary.plist"; path = "Matnsaz Keyboard/Layouts/MappingToQWERTY/MappingToQWERTY-large-tablet-landscape-layout-primary.plist"; sourceTree = SOURCE_ROOT; };
		15FCBB97211662D2006C9C85 /* MappingToQWERTY-large-tablet-portrait-layout-secondary.plist */ = {isa = PBXFileReference; fileEncoding = 4; lastKnownFileType = text.plist.xml; name = "MappingToQWERTY-large-tablet-portrait-layout-secondary.plist"; path = "Matnsaz Keyboard/Layouts/MappingToQWERTY/MappingToQWERTY-large-tablet-portrait-layout-secondary.plist"; sourceTree = SOURCE_ROOT; };
		15FCBB98211662D2006C9C85 /* MappingToQWERTY-large-tablet-landscape-meta.plist */ = {isa = PBXFileReference; fileEncoding = 4; lastKnownFileType = text.plist.xml; name = "MappingToQWERTY-large-tablet-landscape-meta.plist"; path = "Matnsaz Keyboard/Layouts/MappingToQWERTY/MappingToQWERTY-large-tablet-landscape-meta.plist"; sourceTree = SOURCE_ROOT; };
		15FCBB99211662D2006C9C85 /* MappingToQWERTY-large-tablet-portrait-meta.plist */ = {isa = PBXFileReference; fileEncoding = 4; lastKnownFileType = text.plist.xml; name = "MappingToQWERTY-large-tablet-portrait-meta.plist"; path = "Matnsaz Keyboard/Layouts/MappingToQWERTY/MappingToQWERTY-large-tablet-portrait-meta.plist"; sourceTree = SOURCE_ROOT; };
		15FCBB9A211662D2006C9C85 /* MappingToQWERTY-small-phone-portrait-layout-secondary.plist */ = {isa = PBXFileReference; fileEncoding = 4; lastKnownFileType = text.plist.xml; name = "MappingToQWERTY-small-phone-portrait-layout-secondary.plist"; path = "Matnsaz Keyboard/Layouts/MappingToQWERTY/MappingToQWERTY-small-phone-portrait-layout-secondary.plist"; sourceTree = SOURCE_ROOT; };
		15FCBB9B211662D3006C9C85 /* MappingToQWERTY-large-tablet-portrait-layout-primary.plist */ = {isa = PBXFileReference; fileEncoding = 4; lastKnownFileType = text.plist.xml; name = "MappingToQWERTY-large-tablet-portrait-layout-primary.plist"; path = "Matnsaz Keyboard/Layouts/MappingToQWERTY/MappingToQWERTY-large-tablet-portrait-layout-primary.plist"; sourceTree = SOURCE_ROOT; };
		15FCBB9C211662D5006C9C85 /* MappingToQWERTY-standard-phone-landscape-layout-primary.plist */ = {isa = PBXFileReference; fileEncoding = 4; lastKnownFileType = text.plist.xml; name = "MappingToQWERTY-standard-phone-landscape-layout-primary.plist"; path = "Matnsaz Keyboard/Layouts/MappingToQWERTY/MappingToQWERTY-standard-phone-landscape-layout-primary.plist"; sourceTree = SOURCE_ROOT; };
		15FCBB9D211662D5006C9C85 /* MappingToQWERTY-keys.plist */ = {isa = PBXFileReference; fileEncoding = 4; lastKnownFileType = text.plist.xml; name = "MappingToQWERTY-keys.plist"; path = "Matnsaz Keyboard/Layouts/MappingToQWERTY/MappingToQWERTY-keys.plist"; sourceTree = SOURCE_ROOT; };
		15FCBB9E211662D5006C9C85 /* MappingToQWERTY-plus-phone-landscape-layout-primary.plist */ = {isa = PBXFileReference; fileEncoding = 4; lastKnownFileType = text.plist.xml; name = "MappingToQWERTY-plus-phone-landscape-layout-primary.plist"; path = "Matnsaz Keyboard/Layouts/MappingToQWERTY/MappingToQWERTY-plus-phone-landscape-layout-primary.plist"; sourceTree = SOURCE_ROOT; };
		15FCBB9F211662D5006C9C85 /* MappingToQWERTY-plus-phone-landscape-layout-secondary.plist */ = {isa = PBXFileReference; fileEncoding = 4; lastKnownFileType = text.plist.xml; name = "MappingToQWERTY-plus-phone-landscape-layout-secondary.plist"; path = "Matnsaz Keyboard/Layouts/MappingToQWERTY/MappingToQWERTY-plus-phone-landscape-layout-secondary.plist"; sourceTree = SOURCE_ROOT; };
		15FCBBA0211662D5006C9C85 /* MappingToQWERTY-standard-phone-portrait-meta.plist */ = {isa = PBXFileReference; fileEncoding = 4; lastKnownFileType = text.plist.xml; name = "MappingToQWERTY-standard-phone-portrait-meta.plist"; path = "Matnsaz Keyboard/Layouts/MappingToQWERTY/MappingToQWERTY-standard-phone-portrait-meta.plist"; sourceTree = SOURCE_ROOT; };
		15FCBBA1211662D6006C9C85 /* MappingToQWERTY-X-phone-landscape-meta.plist */ = {isa = PBXFileReference; fileEncoding = 4; lastKnownFileType = text.plist.xml; name = "MappingToQWERTY-X-phone-landscape-meta.plist"; path = "Matnsaz Keyboard/Layouts/MappingToQWERTY/MappingToQWERTY-X-phone-landscape-meta.plist"; sourceTree = SOURCE_ROOT; };
		15FCBBA2211662D6006C9C85 /* MappingToQWERTY-medium-tablet-landscape-layout-primary.plist */ = {isa = PBXFileReference; fileEncoding = 4; lastKnownFileType = text.plist.xml; name = "MappingToQWERTY-medium-tablet-landscape-layout-primary.plist"; path = "Matnsaz Keyboard/Layouts/MappingToQWERTY/MappingToQWERTY-medium-tablet-landscape-layout-primary.plist"; sourceTree = SOURCE_ROOT; };
		15FCBBA3211662D6006C9C85 /* MappingToQWERTY-standard-tablet-landscape-layout-secondary.plist */ = {isa = PBXFileReference; fileEncoding = 4; lastKnownFileType = text.plist.xml; name = "MappingToQWERTY-standard-tablet-landscape-layout-secondary.plist"; path = "Matnsaz Keyboard/Layouts/MappingToQWERTY/MappingToQWERTY-standard-tablet-landscape-layout-secondary.plist"; sourceTree = SOURCE_ROOT; };
		15FCBBA4211662D6006C9C85 /* MappingToQWERTY-medium-tablet-portrait-layout-secondary.plist */ = {isa = PBXFileReference; fileEncoding = 4; lastKnownFileType = text.plist.xml; name = "MappingToQWERTY-medium-tablet-portrait-layout-secondary.plist"; path = "Matnsaz Keyboard/Layouts/MappingToQWERTY/MappingToQWERTY-medium-tablet-portrait-layout-secondary.plist"; sourceTree = SOURCE_ROOT; };
		15FCBBA5211662D6006C9C85 /* MappingToQWERTY-standard-tablet-landscape-meta.plist */ = {isa = PBXFileReference; fileEncoding = 4; lastKnownFileType = text.plist.xml; name = "MappingToQWERTY-standard-tablet-landscape-meta.plist"; path = "Matnsaz Keyboard/Layouts/MappingToQWERTY/MappingToQWERTY-standard-tablet-landscape-meta.plist"; sourceTree = SOURCE_ROOT; };
		15FCBBA6211662D7006C9C85 /* MappingToQWERTY-standard-phone-landscape-layout-secondary.plist */ = {isa = PBXFileReference; fileEncoding = 4; lastKnownFileType = text.plist.xml; name = "MappingToQWERTY-standard-phone-landscape-layout-secondary.plist"; path = "Matnsaz Keyboard/Layouts/MappingToQWERTY/MappingToQWERTY-standard-phone-landscape-layout-secondary.plist"; sourceTree = SOURCE_ROOT; };
		15FCBBA7211662D7006C9C85 /* MappingToQWERTY-small-phone-landscape-layout-secondary.plist */ = {isa = PBXFileReference; fileEncoding = 4; lastKnownFileType = text.plist.xml; name = "MappingToQWERTY-small-phone-landscape-layout-secondary.plist"; path = "Matnsaz Keyboard/Layouts/MappingToQWERTY/MappingToQWERTY-small-phone-landscape-layout-secondary.plist"; sourceTree = SOURCE_ROOT; };
		15FCBBA8211662D7006C9C85 /* MappingToQWERTY-X-phone-landscape-layout-secondary.plist */ = {isa = PBXFileReference; fileEncoding = 4; lastKnownFileType = text.plist.xml; name = "MappingToQWERTY-X-phone-landscape-layout-secondary.plist"; path = "Matnsaz Keyboard/Layouts/MappingToQWERTY/MappingToQWERTY-X-phone-landscape-layout-secondary.plist"; sourceTree = SOURCE_ROOT; };
		15FCBBD42116650E006C9C85 /* Close-Dark.png */ = {isa = PBXFileReference; lastKnownFileType = image.png; path = "Close-Dark.png"; sourceTree = "<group>"; };
		15FCBBD52116650E006C9C85 /* Close-Light.png */ = {isa = PBXFileReference; lastKnownFileType = image.png; path = "Close-Light.png"; sourceTree = "<group>"; };
		15FD2D21209998D900F41ED6 /* RasmLayout-Keys.plist */ = {isa = PBXFileReference; lastKnownFileType = text.plist.xml; path = "RasmLayout-Keys.plist"; sourceTree = "<group>"; };
		15FD2D2320999AAE00F41ED6 /* RasmLayout-w375.plist */ = {isa = PBXFileReference; lastKnownFileType = text.plist.xml; path = "RasmLayout-w375.plist"; sourceTree = "<group>"; };
		15FD2D41209C818300F41ED6 /* Alphabetical-plus-phone-portrait-layout-secondary.plist */ = {isa = PBXFileReference; fileEncoding = 4; lastKnownFileType = text.plist.xml; path = "Alphabetical-plus-phone-portrait-layout-secondary.plist"; sourceTree = "<group>"; };
		15FD2D42209C818300F41ED6 /* Alphabetical-large-tablet-portrait-layout-secondary.plist */ = {isa = PBXFileReference; fileEncoding = 4; lastKnownFileType = text.plist.xml; path = "Alphabetical-large-tablet-portrait-layout-secondary.plist"; sourceTree = "<group>"; };
		15FD2D43209C818300F41ED6 /* Alphabetical-medium-tablet-portrait-layout-secondary.plist */ = {isa = PBXFileReference; fileEncoding = 4; lastKnownFileType = text.plist.xml; path = "Alphabetical-medium-tablet-portrait-layout-secondary.plist"; sourceTree = "<group>"; };
		15FD2D44209C818300F41ED6 /* Alphabetical-small-phone-landscape-layout-secondary.plist */ = {isa = PBXFileReference; fileEncoding = 4; lastKnownFileType = text.plist.xml; path = "Alphabetical-small-phone-landscape-layout-secondary.plist"; sourceTree = "<group>"; };
		15FD2D45209C818300F41ED6 /* Alphabetical-X-phone-landscape-layout-secondary.plist */ = {isa = PBXFileReference; fileEncoding = 4; lastKnownFileType = text.plist.xml; path = "Alphabetical-X-phone-landscape-layout-secondary.plist"; sourceTree = "<group>"; };
		15FD2D46209C818300F41ED6 /* Alphabetical-standard-tablet-landscape-layout-secondary.plist */ = {isa = PBXFileReference; fileEncoding = 4; lastKnownFileType = text.plist.xml; path = "Alphabetical-standard-tablet-landscape-layout-secondary.plist"; sourceTree = "<group>"; };
		15FD2D47209C818300F41ED6 /* Alphabetical-small-phone-portrait-layout-secondary.plist */ = {isa = PBXFileReference; lastKnownFileType = text.plist; path = "Alphabetical-small-phone-portrait-layout-secondary.plist"; sourceTree = "<group>"; };
		15FD2D48209C818400F41ED6 /* Alphabetical-X-phone-portrait-layout-secondary.plist */ = {isa = PBXFileReference; fileEncoding = 4; lastKnownFileType = text.plist.xml; path = "Alphabetical-X-phone-portrait-layout-secondary.plist"; sourceTree = "<group>"; };
		15FD2D49209C818400F41ED6 /* Alphabetical-large-tablet-landscape-layout-secondary.plist */ = {isa = PBXFileReference; fileEncoding = 4; lastKnownFileType = text.plist.xml; path = "Alphabetical-large-tablet-landscape-layout-secondary.plist"; sourceTree = "<group>"; };
		15FD2D4A209C818400F41ED6 /* Alphabetical-medium-tablet-landscape-layout-secondary.plist */ = {isa = PBXFileReference; fileEncoding = 4; lastKnownFileType = text.plist.xml; path = "Alphabetical-medium-tablet-landscape-layout-secondary.plist"; sourceTree = "<group>"; };
		15FD2D4B209C818400F41ED6 /* Alphabetical-standard-phone-landscape-layout-secondary.plist */ = {isa = PBXFileReference; fileEncoding = 4; lastKnownFileType = text.plist.xml; path = "Alphabetical-standard-phone-landscape-layout-secondary.plist"; sourceTree = "<group>"; };
		15FD2D4C209C818400F41ED6 /* Alphabetical-plus-phone-landscape-layout-secondary.plist */ = {isa = PBXFileReference; fileEncoding = 4; lastKnownFileType = text.plist.xml; path = "Alphabetical-plus-phone-landscape-layout-secondary.plist"; sourceTree = "<group>"; };
		15FD2D4D209C818400F41ED6 /* Alphabetical-standard-phone-portrait-layout-secondary.plist */ = {isa = PBXFileReference; fileEncoding = 4; lastKnownFileType = text.plist.xml; path = "Alphabetical-standard-phone-portrait-layout-secondary.plist"; sourceTree = "<group>"; };
		15FD2D4E209C818400F41ED6 /* Alphabetical-standard-tablet-portrait-layout-secondary.plist */ = {isa = PBXFileReference; fileEncoding = 4; lastKnownFileType = text.plist.xml; path = "Alphabetical-standard-tablet-portrait-layout-secondary.plist"; sourceTree = "<group>"; };
/* End PBXFileReference section */

/* Begin PBXFrameworksBuildPhase section */
		15DB7C962032AD5100A84C7E /* Frameworks */ = {
			isa = PBXFrameworksBuildPhase;
			buildActionMask = 2147483647;
			files = (
			);
			runOnlyForDeploymentPostprocessing = 0;
		};
		15DB7CCB2032ADC500A84C7E /* Frameworks */ = {
			isa = PBXFrameworksBuildPhase;
			buildActionMask = 2147483647;
			files = (
			);
			runOnlyForDeploymentPostprocessing = 0;
		};
/* End PBXFrameworksBuildPhase section */

/* Begin PBXGroup section */
		154F907E209825420068445F /* Layouts */ = {
			isa = PBXGroup;
			children = (
				15FCBACB211656BF006C9C85 /* MappingToQWERTY */,
				1557161B20995D2500B0E7D4 /* Alphabetical */,
				15FD2D20209998B500F41ED6 /* Rasm */,
			);
			path = Layouts;
			sourceTree = "<group>";
		};
		1557161B20995D2500B0E7D4 /* Alphabetical */ = {
			isa = PBXGroup;
			children = (
				1557161C20995D4200B0E7D4 /* Alphabetical-keys.plist */,
				15AFD402209C09B100184F36 /* Alphabetical-small-phone-portrait-meta.plist */,
				15AFD404209C09E400184F36 /* Alphabetical-small-phone-portrait-layout-primary.plist */,
				15FD2D47209C818300F41ED6 /* Alphabetical-small-phone-portrait-layout-secondary.plist */,
				15AFD408209C0E5F00184F36 /* Alphabetical-small-phone-landscape-meta.plist */,
				15AFD40E209C0F1E00184F36 /* Alphabetical-small-phone-landscape-layout-primary.plist */,
				15FD2D44209C818300F41ED6 /* Alphabetical-small-phone-landscape-layout-secondary.plist */,
				15AFD3FB209BFBD100184F36 /* Alphabetical-standard-phone-portrait-meta.plist */,
				1557161E20995DB200B0E7D4 /* Alphabetical-standard-phone-portrait-layout-primary.plist */,
				15FD2D4D209C818400F41ED6 /* Alphabetical-standard-phone-portrait-layout-secondary.plist */,
				15AFD3FD209C008300184F36 /* Alphabetical-standard-phone-landscape-meta.plist */,
				15AFD3FF209C00B100184F36 /* Alphabetical-standard-phone-landscape-layout-primary.plist */,
				15FD2D4B209C818400F41ED6 /* Alphabetical-standard-phone-landscape-layout-secondary.plist */,
				15AFD410209C138E00184F36 /* Alphabetical-plus-phone-portrait-meta.plist */,
				15AFD412209C139800184F36 /* Alphabetical-plus-phone-portrait-layout-primary.plist */,
				15FD2D41209C818300F41ED6 /* Alphabetical-plus-phone-portrait-layout-secondary.plist */,
				15AFD414209C180D00184F36 /* Alphabetical-plus-phone-landscape-meta.plist */,
				15AFD416209C181E00184F36 /* Alphabetical-plus-phone-landscape-layout-primary.plist */,
				15FD2D4C209C818400F41ED6 /* Alphabetical-plus-phone-landscape-layout-secondary.plist */,
				15AFD418209C1C9E00184F36 /* Alphabetical-X-phone-portrait-meta.plist */,
				15AFD41A209C1D0300184F36 /* Alphabetical-X-phone-portrait-layout-primary.plist */,
				15FD2D48209C818400F41ED6 /* Alphabetical-X-phone-portrait-layout-secondary.plist */,
				15AFD41C209C1EEA00184F36 /* Alphabetical-X-phone-landscape-meta.plist */,
				15AFD41E209C1F0800184F36 /* Alphabetical-X-phone-landscape-layout-primary.plist */,
				15FD2D45209C818300F41ED6 /* Alphabetical-X-phone-landscape-layout-secondary.plist */,
				15AFD420209C3C3100184F36 /* Alphabetical-standard-tablet-portrait-meta.plist */,
				15AFD422209C3C4600184F36 /* Alphabetical-standard-tablet-portrait-layout-primary.plist */,
				15FD2D4E209C818400F41ED6 /* Alphabetical-standard-tablet-portrait-layout-secondary.plist */,
				15C327BA209C4572008EC82C /* Alphabetical-standard-tablet-landscape-meta.plist */,
				15C327BC209C4588008EC82C /* Alphabetical-standard-tablet-landscape-layout-primary.plist */,
				15FD2D46209C818300F41ED6 /* Alphabetical-standard-tablet-landscape-layout-secondary.plist */,
				15C327C6209C492C008EC82C /* Alphabetical-medium-tablet-portrait-meta.plist */,
				15C327CD209C4BDC008EC82C /* Alphabetical-medium-tablet-portrait-layout-primary.plist */,
				15FD2D43209C818300F41ED6 /* Alphabetical-medium-tablet-portrait-layout-secondary.plist */,
				15C327C2209C4800008EC82C /* Alphabetical-medium-tablet-landscape-meta.plist */,
				15C327C4209C4807008EC82C /* Alphabetical-medium-tablet-landscape-layout-primary.plist */,
				15FD2D4A209C818400F41ED6 /* Alphabetical-medium-tablet-landscape-layout-secondary.plist */,
				15C327BE209C47D6008EC82C /* Alphabetical-large-tablet-portrait-meta.plist */,
				15C327C0209C47E1008EC82C /* Alphabetical-large-tablet-portrait-layout-primary.plist */,
				15FD2D42209C818300F41ED6 /* Alphabetical-large-tablet-portrait-layout-secondary.plist */,
				15C327CF209C4CC4008EC82C /* Alphabetical-large-tablet-landscape-meta.plist */,
				15C327D1209C4CCC008EC82C /* Alphabetical-large-tablet-landscape-layout-primary.plist */,
				15FD2D49209C818400F41ED6 /* Alphabetical-large-tablet-landscape-layout-secondary.plist */,
			);
			path = Alphabetical;
			sourceTree = "<group>";
		};
		15DB7C902032AD5100A84C7E = {
			isa = PBXGroup;
			children = (
				15DB7C9B2032AD5100A84C7E /* Matnsaz */,
				15DB7CCF2032ADC500A84C7E /* Matnsaz Keyboard */,
				15DB7C9A2032AD5100A84C7E /* Products */,
			);
			sourceTree = "<group>";
		};
		15DB7C9A2032AD5100A84C7E /* Products */ = {
			isa = PBXGroup;
			children = (
				15DB7C992032AD5100A84C7E /* Matnsaz.app */,
				15DB7CCE2032ADC500A84C7E /* Matnsaz Keyboard.appex */,
			);
			name = Products;
			sourceTree = "<group>";
		};
		15DB7C9B2032AD5100A84C7E /* Matnsaz */ = {
			isa = PBXGroup;
			children = (
				155257A5203AA26C00B57DE7 /* Matnsaz.entitlements */,
				15DB7C9C2032AD5100A84C7E /* AppDelegate.swift */,
				15DB7C9E2032AD5100A84C7E /* ViewController.swift */,
				15DB7CA02032AD5100A84C7E /* Main.storyboard */,
				15DB7CA32032AD5100A84C7E /* Assets.xcassets */,
				15C327D3209C5486008EC82C /* App Icons */,
				15DB7CA52032AD5100A84C7E /* LaunchScreen.storyboard */,
				15DB7CA82032AD5100A84C7E /* Info.plist */,
			);
			path = Matnsaz;
			sourceTree = "<group>";
		};
		15DB7CCF2032ADC500A84C7E /* Matnsaz Keyboard */ = {
			isa = PBXGroup;
			children = (
				15AFD401209C08C600184F36 /* Matnsaz Keyboard.entitlements */,
				154F907E209825420068445F /* Layouts */,
				15DB7CD02032ADC500A84C7E /* KeyboardViewController.swift */,
				15FCBAC721157D72006C9C85 /* SettingsViewController.swift */,
				156333352068A9DC004F823C /* Key.swift */,
				15DB7CD22032ADC500A84C7E /* Info.plist */,
				15633338206A08C8004F823C /* ArabicScript.swift */,
				15FD2D5D209C876200F41ED6 /* Button Images */,
			);
			path = "Matnsaz Keyboard";
			sourceTree = "<group>";
		};
		15FCBACB211656BF006C9C85 /* MappingToQWERTY */ = {
			isa = PBXGroup;
			children = (
				15FCBB9D211662D5006C9C85 /* MappingToQWERTY-keys.plist */,
				15FCBB96211662D2006C9C85 /* MappingToQWERTY-large-tablet-landscape-layout-primary.plist */,
				15FCBB95211662D2006C9C85 /* MappingToQWERTY-large-tablet-landscape-layout-secondary.plist */,
				15FCBB98211662D2006C9C85 /* MappingToQWERTY-large-tablet-landscape-meta.plist */,
				15FCBB9B211662D3006C9C85 /* MappingToQWERTY-large-tablet-portrait-layout-primary.plist */,
				15FCBB97211662D2006C9C85 /* MappingToQWERTY-large-tablet-portrait-layout-secondary.plist */,
				15FCBB99211662D2006C9C85 /* MappingToQWERTY-large-tablet-portrait-meta.plist */,
				15FCBBA2211662D6006C9C85 /* MappingToQWERTY-medium-tablet-landscape-layout-primary.plist */,
				15FCBB7F211662D0006C9C85 /* MappingToQWERTY-medium-tablet-landscape-layout-secondary.plist */,
				15FCBB80211662D0006C9C85 /* MappingToQWERTY-medium-tablet-landscape-meta.plist */,
				15FCBB8B211662D1006C9C85 /* MappingToQWERTY-medium-tablet-portrait-layout-primary.plist */,
				15FCBBA4211662D6006C9C85 /* MappingToQWERTY-medium-tablet-portrait-layout-secondary.plist */,
				15FCBB8D211662D1006C9C85 /* MappingToQWERTY-medium-tablet-portrait-meta.plist */,
				15FCBB9E211662D5006C9C85 /* MappingToQWERTY-plus-phone-landscape-layout-primary.plist */,
				15FCBB9F211662D5006C9C85 /* MappingToQWERTY-plus-phone-landscape-layout-secondary.plist */,
				15FCBB91211662D1006C9C85 /* MappingToQWERTY-plus-phone-landscape-meta.plist */,
				15FCBB85211662D0006C9C85 /* MappingToQWERTY-plus-phone-portrait-layout-primary.plist */,
				15FCBB92211662D1006C9C85 /* MappingToQWERTY-plus-phone-portrait-layout-secondary.plist */,
				15FCBB81211662D0006C9C85 /* MappingToQWERTY-plus-phone-portrait-meta.plist */,
				15FCBB82211662D0006C9C85 /* MappingToQWERTY-small-phone-landscape-layout-primary.plist */,
				15FCBBA7211662D7006C9C85 /* MappingToQWERTY-small-phone-landscape-layout-secondary.plist */,
				15FCBB93211662D1006C9C85 /* MappingToQWERTY-small-phone-landscape-meta.plist */,
				15FCBB86211662D0006C9C85 /* MappingToQWERTY-small-phone-portrait-layout-primary.plist */,
				15FCBB9A211662D2006C9C85 /* MappingToQWERTY-small-phone-portrait-layout-secondary.plist */,
				15FCBB94211662D2006C9C85 /* MappingToQWERTY-small-phone-portrait-meta.plist */,
				15FCBB9C211662D5006C9C85 /* MappingToQWERTY-standard-phone-landscape-layout-primary.plist */,
				15FCBBA6211662D7006C9C85 /* MappingToQWERTY-standard-phone-landscape-layout-secondary.plist */,
				15FCBB83211662D0006C9C85 /* MappingToQWERTY-standard-phone-landscape-meta.plist */,
				15FCBB89211662D0006C9C85 /* MappingToQWERTY-standard-phone-portrait-layout-primary.plist */,
				15FCBB87211662D0006C9C85 /* MappingToQWERTY-standard-phone-portrait-layout-secondary.plist */,
				15FCBBA0211662D5006C9C85 /* MappingToQWERTY-standard-phone-portrait-meta.plist */,
				15FCBB84211662D0006C9C85 /* MappingToQWERTY-standard-tablet-landscape-layout-primary.plist */,
				15FCBBA3211662D6006C9C85 /* MappingToQWERTY-standard-tablet-landscape-layout-secondary.plist */,
				15FCBBA5211662D6006C9C85 /* MappingToQWERTY-standard-tablet-landscape-meta.plist */,
				15FCBB8C211662D1006C9C85 /* MappingToQWERTY-standard-tablet-portrait-layout-primary.plist */,
				15FCBB88211662D0006C9C85 /* MappingToQWERTY-standard-tablet-portrait-layout-secondary.plist */,
				15FCBB8E211662D1006C9C85 /* MappingToQWERTY-standard-tablet-portrait-meta.plist */,
				15FCBB8F211662D1006C9C85 /* MappingToQWERTY-X-phone-landscape-layout-primary.plist */,
				15FCBBA8211662D7006C9C85 /* MappingToQWERTY-X-phone-landscape-layout-secondary.plist */,
				15FCBBA1211662D6006C9C85 /* MappingToQWERTY-X-phone-landscape-meta.plist */,
				15FCBB90211662D1006C9C85 /* MappingToQWERTY-X-phone-portrait-layout-primary.plist */,
				15FCBB7E211662CF006C9C85 /* MappingToQWERTY-X-phone-portrait-layout-secondary.plist */,
				15FCBB8A211662D0006C9C85 /* MappingToQWERTY-X-phone-portrait-meta.plist */,
			);
			name = MappingToQWERTY;
			path = "New Group";
			sourceTree = "<group>";
		};
		15FD2D20209998B500F41ED6 /* Rasm */ = {
			isa = PBXGroup;
			children = (
				15FD2D21209998D900F41ED6 /* RasmLayout-Keys.plist */,
				15FD2D2320999AAE00F41ED6 /* RasmLayout-w375.plist */,
			);
			path = Rasm;
			sourceTree = "<group>";
		};
		15FD2D5D209C876200F41ED6 /* Button Images */ = {
			isa = PBXGroup;
			children = (
				15DE59B22112551500FAA134 /* Backspace-Dark.png */,
				15DE59B52112551500FAA134 /* Backspace-Light.png */,
				15DE59B02112551500FAA134 /* KeyboardSelection-Dark.png */,
				15DE59AF2112551500FAA134 /* KeyboardSelection-Light.png */,
				15DE59AE2112551500FAA134 /* DismissKeyboard-Dark.png */,
				15DE59B12112551500FAA134 /* DismissKeyboard-Light.png */,
				15DE59B32112551500FAA134 /* Return-Dark.png */,
				15DE59B42112551500FAA134 /* Return-Light.png */,
				15FCBAC221152B31006C9C85 /* Settings-Dark.png */,
				15FCBAC121152B31006C9C85 /* Settings-Light.png */,
				15FCBBD42116650E006C9C85 /* Close-Dark.png */,
				15FCBBD52116650E006C9C85 /* Close-Light.png */,
			);
			path = "Button Images";
			sourceTree = "<group>";
		};
/* End PBXGroup section */

/* Begin PBXNativeTarget section */
		15DB7C982032AD5100A84C7E /* Matnsaz */ = {
			isa = PBXNativeTarget;
			buildConfigurationList = 15DB7CC12032AD5100A84C7E /* Build configuration list for PBXNativeTarget "Matnsaz" */;
			buildPhases = (
				15DB7C952032AD5100A84C7E /* Sources */,
				15DB7C962032AD5100A84C7E /* Frameworks */,
				15DB7C972032AD5100A84C7E /* Resources */,
				15DB7CD92032ADC500A84C7E /* Embed App Extensions */,
			);
			buildRules = (
			);
			dependencies = (
				15DB7CD42032ADC500A84C7E /* PBXTargetDependency */,
			);
			name = Matnsaz;
			productName = UrduKeyboard;
			productReference = 15DB7C992032AD5100A84C7E /* Matnsaz.app */;
			productType = "com.apple.product-type.application";
		};
		15DB7CCD2032ADC500A84C7E /* Matnsaz Keyboard */ = {
			isa = PBXNativeTarget;
			buildConfigurationList = 15DB7CD62032ADC500A84C7E /* Build configuration list for PBXNativeTarget "Matnsaz Keyboard" */;
			buildPhases = (
				15DB7CCA2032ADC500A84C7E /* Sources */,
				15DB7CCB2032ADC500A84C7E /* Frameworks */,
				15DB7CCC2032ADC500A84C7E /* Resources */,
			);
			buildRules = (
			);
			dependencies = (
			);
			name = "Matnsaz Keyboard";
			productName = "Z 0.1";
			productReference = 15DB7CCE2032ADC500A84C7E /* Matnsaz Keyboard.appex */;
			productType = "com.apple.product-type.app-extension";
		};
/* End PBXNativeTarget section */

/* Begin PBXProject section */
		15DB7C912032AD5100A84C7E /* Project object */ = {
			isa = PBXProject;
			attributes = {
				LastSwiftUpdateCheck = 0920;
				LastUpgradeCheck = 0930;
				ORGANIZATIONNAME = "Zeerak Ahmed";
				TargetAttributes = {
					15DB7C982032AD5100A84C7E = {
						CreatedOnToolsVersion = 9.2;
						LastSwiftMigration = 1010;
						ProvisioningStyle = Automatic;
						SystemCapabilities = {
							com.apple.ApplicationGroups.iOS = {
								enabled = 0;
							};
						};
					};
					15DB7CCD2032ADC500A84C7E = {
						CreatedOnToolsVersion = 9.2;
						LastSwiftMigration = 1010;
						ProvisioningStyle = Automatic;
						SystemCapabilities = {
							com.apple.ApplicationGroups.iOS = {
								enabled = 0;
							};
						};
					};
				};
			};
			buildConfigurationList = 15DB7C942032AD5100A84C7E /* Build configuration list for PBXProject "Matnsaz" */;
			compatibilityVersion = "Xcode 8.0";
			developmentRegion = en;
			hasScannedForEncodings = 0;
			knownRegions = (
				en,
				Base,
			);
			mainGroup = 15DB7C902032AD5100A84C7E;
			productRefGroup = 15DB7C9A2032AD5100A84C7E /* Products */;
			projectDirPath = "";
			projectRoot = "";
			targets = (
				15DB7C982032AD5100A84C7E /* Matnsaz */,
				15DB7CCD2032ADC500A84C7E /* Matnsaz Keyboard */,
			);
		};
/* End PBXProject section */

/* Begin PBXResourcesBuildPhase section */
		15DB7C972032AD5100A84C7E /* Resources */ = {
			isa = PBXResourcesBuildPhase;
			buildActionMask = 2147483647;
			files = (
				15DB7CA72032AD5100A84C7E /* LaunchScreen.storyboard in Resources */,
				15DB7CA42032AD5100A84C7E /* Assets.xcassets in Resources */,
				15C327D4209C5486008EC82C /* App Icons in Resources */,
				15DB7CA22032AD5100A84C7E /* Main.storyboard in Resources */,
			);
			runOnlyForDeploymentPostprocessing = 0;
		};
		15DB7CCC2032ADC500A84C7E /* Resources */ = {
			isa = PBXResourcesBuildPhase;
			buildActionMask = 2147483647;
			files = (
				15DE59B72112551500FAA134 /* KeyboardSelection-Light.png in Resources */,
				15AFD405209C09E400184F36 /* Alphabetical-small-phone-portrait-layout-primary.plist in Resources */,
				15FCBBD62116650E006C9C85 /* Close-Dark.png in Resources */,
				15AFD41B209C1D0300184F36 /* Alphabetical-X-phone-portrait-layout-primary.plist in Resources */,
				15FCBBB8211662D7006C9C85 /* MappingToQWERTY-medium-tablet-portrait-meta.plist in Resources */,
				15FCBBBD211662D7006C9C85 /* MappingToQWERTY-plus-phone-portrait-layout-secondary.plist in Resources */,
				1557161F20995DB200B0E7D4 /* Alphabetical-standard-phone-portrait-layout-primary.plist in Resources */,
				15FD2D22209998D900F41ED6 /* RasmLayout-Keys.plist in Resources */,
				15FCBBB6211662D7006C9C85 /* MappingToQWERTY-medium-tablet-portrait-layout-primary.plist in Resources */,
				15FCBBB7211662D7006C9C85 /* MappingToQWERTY-standard-tablet-portrait-layout-primary.plist in Resources */,
				15FCBBCC211662D7006C9C85 /* MappingToQWERTY-X-phone-landscape-meta.plist in Resources */,
				15FCBBC5211662D7006C9C85 /* MappingToQWERTY-small-phone-portrait-layout-secondary.plist in Resources */,
				15FCBBCA211662D7006C9C85 /* MappingToQWERTY-plus-phone-landscape-layout-secondary.plist in Resources */,
				15FCBBBC211662D7006C9C85 /* MappingToQWERTY-plus-phone-landscape-meta.plist in Resources */,
				15FD2D58209C818400F41ED6 /* Alphabetical-medium-tablet-landscape-layout-secondary.plist in Resources */,
				15AFD40F209C0F1E00184F36 /* Alphabetical-small-phone-landscape-layout-primary.plist in Resources */,
				15FD2D5B209C818400F41ED6 /* Alphabetical-standard-phone-portrait-layout-secondary.plist in Resources */,
				15AFD3FC209BFBD100184F36 /* Alphabetical-standard-phone-portrait-meta.plist in Resources */,
				15FCBBAC211662D7006C9C85 /* MappingToQWERTY-plus-phone-portrait-meta.plist in Resources */,
				15AFD423209C3C4600184F36 /* Alphabetical-standard-tablet-portrait-layout-primary.plist in Resources */,
				15AFD41D209C1EEA00184F36 /* Alphabetical-X-phone-landscape-meta.plist in Resources */,
				15FD2D4F209C818400F41ED6 /* Alphabetical-plus-phone-portrait-layout-secondary.plist in Resources */,
				15C327D2209C4CCC008EC82C /* Alphabetical-large-tablet-landscape-layout-primary.plist in Resources */,
				15FCBBCE211662D7006C9C85 /* MappingToQWERTY-standard-tablet-landscape-layout-secondary.plist in Resources */,
				15FCBBD72116650E006C9C85 /* Close-Light.png in Resources */,
				15FD2D59209C818400F41ED6 /* Alphabetical-standard-phone-landscape-layout-secondary.plist in Resources */,
				15FCBBA9211662D7006C9C85 /* MappingToQWERTY-X-phone-portrait-layout-secondary.plist in Resources */,
				15FD2D5A209C818400F41ED6 /* Alphabetical-plus-phone-landscape-layout-secondary.plist in Resources */,
				15AFD415209C180D00184F36 /* Alphabetical-plus-phone-landscape-meta.plist in Resources */,
				15FCBBC9211662D7006C9C85 /* MappingToQWERTY-plus-phone-landscape-layout-primary.plist in Resources */,
				15FCBBD0211662D7006C9C85 /* MappingToQWERTY-standard-tablet-landscape-meta.plist in Resources */,
				15C327BD209C4588008EC82C /* Alphabetical-standard-tablet-landscape-layout-primary.plist in Resources */,
				15FCBBB1211662D7006C9C85 /* MappingToQWERTY-small-phone-portrait-layout-primary.plist in Resources */,
				15FCBBB2211662D7006C9C85 /* MappingToQWERTY-standard-phone-portrait-layout-secondary.plist in Resources */,
				15FD2D2420999AAE00F41ED6 /* RasmLayout-w375.plist in Resources */,
				15FCBBC0211662D7006C9C85 /* MappingToQWERTY-large-tablet-landscape-layout-secondary.plist in Resources */,
				15C327BF209C47D6008EC82C /* Alphabetical-large-tablet-portrait-meta.plist in Resources */,
				15AFD3FE209C008300184F36 /* Alphabetical-standard-phone-landscape-meta.plist in Resources */,
				15FCBBBA211662D7006C9C85 /* MappingToQWERTY-X-phone-landscape-layout-primary.plist in Resources */,
				15AFD41F209C1F0800184F36 /* Alphabetical-X-phone-landscape-layout-primary.plist in Resources */,
				15FCBBB3211662D7006C9C85 /* MappingToQWERTY-standard-tablet-portrait-layout-secondary.plist in Resources */,
				15FCBBB9211662D7006C9C85 /* MappingToQWERTY-standard-tablet-portrait-meta.plist in Resources */,
				15DE59B82112551500FAA134 /* KeyboardSelection-Dark.png in Resources */,
				15AFD421209C3C3100184F36 /* Alphabetical-standard-tablet-portrait-meta.plist in Resources */,
				15FCBBAB211662D7006C9C85 /* MappingToQWERTY-medium-tablet-landscape-meta.plist in Resources */,
				15FCBBAA211662D7006C9C85 /* MappingToQWERTY-medium-tablet-landscape-layout-secondary.plist in Resources */,
				1557161D20995D4200B0E7D4 /* Alphabetical-keys.plist in Resources */,
				15FCBBCD211662D7006C9C85 /* MappingToQWERTY-medium-tablet-landscape-layout-primary.plist in Resources */,
				15FD2D54209C818400F41ED6 /* Alphabetical-standard-tablet-landscape-layout-secondary.plist in Resources */,
				15AFD400209C00B100184F36 /* Alphabetical-standard-phone-landscape-layout-primary.plist in Resources */,
				15DE59BC2112551500FAA134 /* Return-Light.png in Resources */,
				15FD2D57209C818400F41ED6 /* Alphabetical-large-tablet-landscape-layout-secondary.plist in Resources */,
				15FCBAC421152B31006C9C85 /* Settings-Dark.png in Resources */,
				15FCBBB5211662D7006C9C85 /* MappingToQWERTY-X-phone-portrait-meta.plist in Resources */,
				15FCBBC7211662D7006C9C85 /* MappingToQWERTY-standard-phone-landscape-layout-primary.plist in Resources */,
				15AFD409209C0E5F00184F36 /* Alphabetical-small-phone-landscape-meta.plist in Resources */,
				15AFD411209C138E00184F36 /* Alphabetical-plus-phone-portrait-meta.plist in Resources */,
				15FCBBB0211662D7006C9C85 /* MappingToQWERTY-plus-phone-portrait-layout-primary.plist in Resources */,
				15FD2D5C209C818400F41ED6 /* Alphabetical-standard-tablet-portrait-layout-secondary.plist in Resources */,
				155257A7203AA38100B57DE7 /* Assets.xcassets in Resources */,
				15FD2D50209C818400F41ED6 /* Alphabetical-large-tablet-portrait-layout-secondary.plist in Resources */,
				15FCBBBE211662D7006C9C85 /* MappingToQWERTY-small-phone-landscape-meta.plist in Resources */,
				15FCBBC3211662D7006C9C85 /* MappingToQWERTY-large-tablet-landscape-meta.plist in Resources */,
				15C327C7209C492C008EC82C /* Alphabetical-medium-tablet-portrait-meta.plist in Resources */,
				15FCBBC8211662D7006C9C85 /* MappingToQWERTY-keys.plist in Resources */,
				15AFD417209C181E00184F36 /* Alphabetical-plus-phone-landscape-layout-primary.plist in Resources */,
				15FCBBD2211662D7006C9C85 /* MappingToQWERTY-small-phone-landscape-layout-secondary.plist in Resources */,
				15FD2D55209C818400F41ED6 /* Alphabetical-small-phone-portrait-layout-secondary.plist in Resources */,
				15DE59BD2112551500FAA134 /* Backspace-Light.png in Resources */,
				15C327CE209C4BDD008EC82C /* Alphabetical-medium-tablet-portrait-layout-primary.plist in Resources */,
				15C327BB209C4572008EC82C /* Alphabetical-standard-tablet-landscape-meta.plist in Resources */,
				15AFD413209C139800184F36 /* Alphabetical-plus-phone-portrait-layout-primary.plist in Resources */,
				15DE59BA2112551500FAA134 /* Backspace-Dark.png in Resources */,
				15AFD403209C09B100184F36 /* Alphabetical-small-phone-portrait-meta.plist in Resources */,
				15FCBAC321152B31006C9C85 /* Settings-Light.png in Resources */,
				15FCBBB4211662D7006C9C85 /* MappingToQWERTY-standard-phone-portrait-layout-primary.plist in Resources */,
				15FCBBBF211662D7006C9C85 /* MappingToQWERTY-small-phone-portrait-meta.plist in Resources */,
				15C327C1209C47E1008EC82C /* Alphabetical-large-tablet-portrait-layout-primary.plist in Resources */,
				15FCBBBB211662D7006C9C85 /* MappingToQWERTY-X-phone-portrait-layout-primary.plist in Resources */,
				15FCBBAD211662D7006C9C85 /* MappingToQWERTY-small-phone-landscape-layout-primary.plist in Resources */,
				15FCBBCF211662D7006C9C85 /* MappingToQWERTY-medium-tablet-portrait-layout-secondary.plist in Resources */,
				15FCBBC4211662D7006C9C85 /* MappingToQWERTY-large-tablet-portrait-meta.plist in Resources */,
				15FCBBD1211662D7006C9C85 /* MappingToQWERTY-standard-phone-landscape-layout-secondary.plist in Resources */,
				15FCBBAF211662D7006C9C85 /* MappingToQWERTY-standard-tablet-landscape-layout-primary.plist in Resources */,
				15FCBBC1211662D7006C9C85 /* MappingToQWERTY-large-tablet-landscape-layout-primary.plist in Resources */,
				15FD2D52209C818400F41ED6 /* Alphabetical-small-phone-landscape-layout-secondary.plist in Resources */,
				15FCBBAE211662D7006C9C85 /* MappingToQWERTY-standard-phone-landscape-meta.plist in Resources */,
				15FCBBC6211662D7006C9C85 /* MappingToQWERTY-large-tablet-portrait-layout-primary.plist in Resources */,
				15FD2D53209C818400F41ED6 /* Alphabetical-X-phone-landscape-layout-secondary.plist in Resources */,
				15AFD419209C1C9E00184F36 /* Alphabetical-X-phone-portrait-meta.plist in Resources */,
				15FCBBD3211662D7006C9C85 /* MappingToQWERTY-X-phone-landscape-layout-secondary.plist in Resources */,
				15FD2D51209C818400F41ED6 /* Alphabetical-medium-tablet-portrait-layout-secondary.plist in Resources */,
				15FCBBC2211662D7006C9C85 /* MappingToQWERTY-large-tablet-portrait-layout-secondary.plist in Resources */,
				15C327D0209C4CC4008EC82C /* Alphabetical-large-tablet-landscape-meta.plist in Resources */,
				15C327C3209C4800008EC82C /* Alphabetical-medium-tablet-landscape-meta.plist in Resources */,
				15FCBBCB211662D7006C9C85 /* MappingToQWERTY-standard-phone-portrait-meta.plist in Resources */,
				15DE59B62112551500FAA134 /* DismissKeyboard-Dark.png in Resources */,
				15FD2D56209C818400F41ED6 /* Alphabetical-X-phone-portrait-layout-secondary.plist in Resources */,
				15DE59BB2112551500FAA134 /* Return-Dark.png in Resources */,
				15DE59B92112551500FAA134 /* DismissKeyboard-Light.png in Resources */,
				15C327C5209C4807008EC82C /* Alphabetical-medium-tablet-landscape-layout-primary.plist in Resources */,
			);
			runOnlyForDeploymentPostprocessing = 0;
		};
/* End PBXResourcesBuildPhase section */

/* Begin PBXSourcesBuildPhase section */
		15DB7C952032AD5100A84C7E /* Sources */ = {
			isa = PBXSourcesBuildPhase;
			buildActionMask = 2147483647;
			files = (
				15DB7C9F2032AD5100A84C7E /* ViewController.swift in Sources */,
				15DB7C9D2032AD5100A84C7E /* AppDelegate.swift in Sources */,
			);
			runOnlyForDeploymentPostprocessing = 0;
		};
		15DB7CCA2032ADC500A84C7E /* Sources */ = {
			isa = PBXSourcesBuildPhase;
			buildActionMask = 2147483647;
			files = (
				15DB7CD12032ADC500A84C7E /* KeyboardViewController.swift in Sources */,
				15633339206A08C8004F823C /* ArabicScript.swift in Sources */,
				156333372068A9E0004F823C /* Key.swift in Sources */,
				15FCBAC821157D72006C9C85 /* SettingsViewController.swift in Sources */,
			);
			runOnlyForDeploymentPostprocessing = 0;
		};
/* End PBXSourcesBuildPhase section */

/* Begin PBXTargetDependency section */
		15DB7CD42032ADC500A84C7E /* PBXTargetDependency */ = {
			isa = PBXTargetDependency;
			target = 15DB7CCD2032ADC500A84C7E /* Matnsaz Keyboard */;
			targetProxy = 15DB7CD32032ADC500A84C7E /* PBXContainerItemProxy */;
		};
/* End PBXTargetDependency section */

/* Begin PBXVariantGroup section */
		15DB7CA02032AD5100A84C7E /* Main.storyboard */ = {
			isa = PBXVariantGroup;
			children = (
				15DB7CA12032AD5100A84C7E /* Base */,
			);
			name = Main.storyboard;
			sourceTree = "<group>";
		};
		15DB7CA52032AD5100A84C7E /* LaunchScreen.storyboard */ = {
			isa = PBXVariantGroup;
			children = (
				15DB7CA62032AD5100A84C7E /* Base */,
			);
			name = LaunchScreen.storyboard;
			sourceTree = "<group>";
		};
/* End PBXVariantGroup section */

/* Begin XCBuildConfiguration section */
		15DB7CBF2032AD5100A84C7E /* Debug */ = {
			isa = XCBuildConfiguration;
			buildSettings = {
				ALWAYS_SEARCH_USER_PATHS = NO;
				CLANG_ANALYZER_NONNULL = YES;
				CLANG_ANALYZER_NUMBER_OBJECT_CONVERSION = YES_AGGRESSIVE;
				CLANG_CXX_LANGUAGE_STANDARD = "gnu++14";
				CLANG_CXX_LIBRARY = "libc++";
				CLANG_ENABLE_MODULES = YES;
				CLANG_ENABLE_OBJC_ARC = YES;
				CLANG_WARN_BLOCK_CAPTURE_AUTORELEASING = YES;
				CLANG_WARN_BOOL_CONVERSION = YES;
				CLANG_WARN_COMMA = YES;
				CLANG_WARN_CONSTANT_CONVERSION = YES;
				CLANG_WARN_DEPRECATED_OBJC_IMPLEMENTATIONS = YES;
				CLANG_WARN_DIRECT_OBJC_ISA_USAGE = YES_ERROR;
				CLANG_WARN_DOCUMENTATION_COMMENTS = YES;
				CLANG_WARN_EMPTY_BODY = YES;
				CLANG_WARN_ENUM_CONVERSION = YES;
				CLANG_WARN_INFINITE_RECURSION = YES;
				CLANG_WARN_INT_CONVERSION = YES;
				CLANG_WARN_NON_LITERAL_NULL_CONVERSION = YES;
				CLANG_WARN_OBJC_IMPLICIT_RETAIN_SELF = YES;
				CLANG_WARN_OBJC_LITERAL_CONVERSION = YES;
				CLANG_WARN_OBJC_ROOT_CLASS = YES_ERROR;
				CLANG_WARN_RANGE_LOOP_ANALYSIS = YES;
				CLANG_WARN_STRICT_PROTOTYPES = YES;
				CLANG_WARN_SUSPICIOUS_MOVE = YES;
				CLANG_WARN_UNGUARDED_AVAILABILITY = YES_AGGRESSIVE;
				CLANG_WARN_UNREACHABLE_CODE = YES;
				CLANG_WARN__DUPLICATE_METHOD_MATCH = YES;
				CODE_SIGN_IDENTITY = "iPhone Developer";
				COPY_PHASE_STRIP = NO;
				DEBUG_INFORMATION_FORMAT = dwarf;
				ENABLE_STRICT_OBJC_MSGSEND = YES;
				ENABLE_TESTABILITY = YES;
				GCC_C_LANGUAGE_STANDARD = gnu11;
				GCC_DYNAMIC_NO_PIC = NO;
				GCC_NO_COMMON_BLOCKS = YES;
				GCC_OPTIMIZATION_LEVEL = 0;
				GCC_PREPROCESSOR_DEFINITIONS = (
					"DEBUG=1",
					"$(inherited)",
				);
				GCC_WARN_64_TO_32_BIT_CONVERSION = YES;
				GCC_WARN_ABOUT_RETURN_TYPE = YES_ERROR;
				GCC_WARN_UNDECLARED_SELECTOR = YES;
				GCC_WARN_UNINITIALIZED_AUTOS = YES_AGGRESSIVE;
				GCC_WARN_UNUSED_FUNCTION = YES;
				GCC_WARN_UNUSED_VARIABLE = YES;
				IPHONEOS_DEPLOYMENT_TARGET = 11.3;
				MTL_ENABLE_DEBUG_INFO = YES;
				ONLY_ACTIVE_ARCH = YES;
				SDKROOT = iphoneos;
				SWIFT_ACTIVE_COMPILATION_CONDITIONS = DEBUG;
				SWIFT_OPTIMIZATION_LEVEL = "-Onone";
			};
			name = Debug;
		};
		15DB7CC02032AD5100A84C7E /* Release */ = {
			isa = XCBuildConfiguration;
			buildSettings = {
				ALWAYS_SEARCH_USER_PATHS = NO;
				CLANG_ANALYZER_NONNULL = YES;
				CLANG_ANALYZER_NUMBER_OBJECT_CONVERSION = YES_AGGRESSIVE;
				CLANG_CXX_LANGUAGE_STANDARD = "gnu++14";
				CLANG_CXX_LIBRARY = "libc++";
				CLANG_ENABLE_MODULES = YES;
				CLANG_ENABLE_OBJC_ARC = YES;
				CLANG_WARN_BLOCK_CAPTURE_AUTORELEASING = YES;
				CLANG_WARN_BOOL_CONVERSION = YES;
				CLANG_WARN_COMMA = YES;
				CLANG_WARN_CONSTANT_CONVERSION = YES;
				CLANG_WARN_DEPRECATED_OBJC_IMPLEMENTATIONS = YES;
				CLANG_WARN_DIRECT_OBJC_ISA_USAGE = YES_ERROR;
				CLANG_WARN_DOCUMENTATION_COMMENTS = YES;
				CLANG_WARN_EMPTY_BODY = YES;
				CLANG_WARN_ENUM_CONVERSION = YES;
				CLANG_WARN_INFINITE_RECURSION = YES;
				CLANG_WARN_INT_CONVERSION = YES;
				CLANG_WARN_NON_LITERAL_NULL_CONVERSION = YES;
				CLANG_WARN_OBJC_IMPLICIT_RETAIN_SELF = YES;
				CLANG_WARN_OBJC_LITERAL_CONVERSION = YES;
				CLANG_WARN_OBJC_ROOT_CLASS = YES_ERROR;
				CLANG_WARN_RANGE_LOOP_ANALYSIS = YES;
				CLANG_WARN_STRICT_PROTOTYPES = YES;
				CLANG_WARN_SUSPICIOUS_MOVE = YES;
				CLANG_WARN_UNGUARDED_AVAILABILITY = YES_AGGRESSIVE;
				CLANG_WARN_UNREACHABLE_CODE = YES;
				CLANG_WARN__DUPLICATE_METHOD_MATCH = YES;
				CODE_SIGN_IDENTITY = "iPhone Developer";
				COPY_PHASE_STRIP = NO;
				DEBUG_INFORMATION_FORMAT = "dwarf-with-dsym";
				ENABLE_NS_ASSERTIONS = NO;
				ENABLE_STRICT_OBJC_MSGSEND = YES;
				GCC_C_LANGUAGE_STANDARD = gnu11;
				GCC_NO_COMMON_BLOCKS = YES;
				GCC_WARN_64_TO_32_BIT_CONVERSION = YES;
				GCC_WARN_ABOUT_RETURN_TYPE = YES_ERROR;
				GCC_WARN_UNDECLARED_SELECTOR = YES;
				GCC_WARN_UNINITIALIZED_AUTOS = YES_AGGRESSIVE;
				GCC_WARN_UNUSED_FUNCTION = YES;
				GCC_WARN_UNUSED_VARIABLE = YES;
				IPHONEOS_DEPLOYMENT_TARGET = 11.3;
				MTL_ENABLE_DEBUG_INFO = NO;
				SDKROOT = iphoneos;
				SWIFT_OPTIMIZATION_LEVEL = "-Owholemodule";
				VALIDATE_PRODUCT = YES;
			};
			name = Release;
		};
		15DB7CC22032AD5100A84C7E /* Debug */ = {
			isa = XCBuildConfiguration;
			buildSettings = {
				ALWAYS_EMBED_SWIFT_STANDARD_LIBRARIES = YES;
				ASSETCATALOG_COMPILER_APPICON_NAME = AppIcon;
				CODE_SIGN_STYLE = Automatic;
				DEVELOPMENT_TEAM = NMWM6M9GTL;
				INFOPLIST_FILE = "$(SRCROOT)/Matnsaz/Info.plist";
				LD_RUNPATH_SEARCH_PATHS = "$(inherited) @executable_path/Frameworks";
				PRODUCT_BUNDLE_IDENTIFIER = net.matnsaz.keyboard;
				PRODUCT_NAME = "$(TARGET_NAME)";
				SWIFT_VERSION = 4.2;
				TARGETED_DEVICE_FAMILY = "1,2";
			};
			name = Debug;
		};
		15DB7CC32032AD5100A84C7E /* Release */ = {
			isa = XCBuildConfiguration;
			buildSettings = {
				ALWAYS_EMBED_SWIFT_STANDARD_LIBRARIES = YES;
				ASSETCATALOG_COMPILER_APPICON_NAME = AppIcon;
				CODE_SIGN_STYLE = Automatic;
				DEVELOPMENT_TEAM = NMWM6M9GTL;
				INFOPLIST_FILE = "$(SRCROOT)/Matnsaz/Info.plist";
				LD_RUNPATH_SEARCH_PATHS = "$(inherited) @executable_path/Frameworks";
				PRODUCT_BUNDLE_IDENTIFIER = net.matnsaz.keyboard;
				PRODUCT_NAME = "$(TARGET_NAME)";
				SWIFT_VERSION = 4.2;
				TARGETED_DEVICE_FAMILY = "1,2";
			};
			name = Release;
		};
		15DB7CD72032ADC500A84C7E /* Debug */ = {
			isa = XCBuildConfiguration;
			buildSettings = {
				CODE_SIGN_STYLE = Automatic;
				DEVELOPMENT_TEAM = NMWM6M9GTL;
				INFOPLIST_FILE = "$(SRCROOT)/Matnsaz Keyboard/Info.plist";
				LD_RUNPATH_SEARCH_PATHS = "$(inherited) @executable_path/Frameworks @executable_path/../../Frameworks";
				PRODUCT_BUNDLE_IDENTIFIER = net.matnsaz.keyboard.ext;
				PRODUCT_NAME = "$(TARGET_NAME)";
				PROVISIONING_PROFILE_SPECIFIER = "";
				SKIP_INSTALL = YES;
				SWIFT_VERSION = 4.2;
				TARGETED_DEVICE_FAMILY = "1,2";
			};
			name = Debug;
		};
		15DB7CD82032ADC500A84C7E /* Release */ = {
			isa = XCBuildConfiguration;
			buildSettings = {
				CODE_SIGN_STYLE = Automatic;
				DEVELOPMENT_TEAM = NMWM6M9GTL;
				INFOPLIST_FILE = "$(SRCROOT)/Matnsaz Keyboard/Info.plist";
				LD_RUNPATH_SEARCH_PATHS = "$(inherited) @executable_path/Frameworks @executable_path/../../Frameworks";
				PRODUCT_BUNDLE_IDENTIFIER = net.matnsaz.keyboard.ext;
				PRODUCT_NAME = "$(TARGET_NAME)";
				PROVISIONING_PROFILE_SPECIFIER = "";
				SKIP_INSTALL = YES;
				SWIFT_VERSION = 4.2;
				TARGETED_DEVICE_FAMILY = "1,2";
			};
			name = Release;
		};
/* End XCBuildConfiguration section */

/* Begin XCConfigurationList section */
		15DB7C942032AD5100A84C7E /* Build configuration list for PBXProject "Matnsaz" */ = {
			isa = XCConfigurationList;
			buildConfigurations = (
				15DB7CBF2032AD5100A84C7E /* Debug */,
				15DB7CC02032AD5100A84C7E /* Release */,
			);
			defaultConfigurationIsVisible = 0;
			defaultConfigurationName = Release;
		};
		15DB7CC12032AD5100A84C7E /* Build configuration list for PBXNativeTarget "Matnsaz" */ = {
			isa = XCConfigurationList;
			buildConfigurations = (
				15DB7CC22032AD5100A84C7E /* Debug */,
				15DB7CC32032AD5100A84C7E /* Release */,
			);
			defaultConfigurationIsVisible = 0;
			defaultConfigurationName = Release;
		};
		15DB7CD62032ADC500A84C7E /* Build configuration list for PBXNativeTarget "Matnsaz Keyboard" */ = {
			isa = XCConfigurationList;
			buildConfigurations = (
				15DB7CD72032ADC500A84C7E /* Debug */,
				15DB7CD82032ADC500A84C7E /* Release */,
			);
			defaultConfigurationIsVisible = 0;
			defaultConfigurationName = Release;
		};
/* End XCConfigurationList section */
	};
	rootObject = 15DB7C912032AD5100A84C7E /* Project object */;
}
